<?xml version="1.0" encoding="utf-8"?>
<Project xmlns="http://schemas.microsoft.com/developer/msbuild/2003">
  <ItemGroup>
    <Filter Include="Form Files">
      <UniqueIdentifier>{99349809-55BA-4b9d-BF79-8FDBB0286EB3}</UniqueIdentifier>
      <Extensions>ui</Extensions>
      <ParseFiles>false</ParseFiles>
    </Filter>
    <Filter Include="Form Files">
      <UniqueIdentifier>{99349809-55BA-4b9d-BF79-8FDBB0286EB3}</UniqueIdentifier>
      <Extensions>ui</Extensions>
      <ParseFiles>false</ParseFiles>
    </Filter>
    <Filter Include="Generated Files">
      <UniqueIdentifier>{71ED8ED8-ACB9-4CE9-BBE1-E00B30144E11}</UniqueIdentifier>
      <Extensions>cpp;c;cxx;moc;h;def;odl;idl;res;</Extensions>
    </Filter>
    <Filter Include="Generated Files">
      <UniqueIdentifier>{71ED8ED8-ACB9-4CE9-BBE1-E00B30144E11}</UniqueIdentifier>
      <Extensions>cpp;c;cxx;moc;h;def;odl;idl;res;</Extensions>
    </Filter>
    <Filter Include="Header Files">
      <UniqueIdentifier>{93995380-89BD-4b04-88EB-625FBE52EBFB}</UniqueIdentifier>
      <Extensions>h;hpp;hxx;hm;inl;inc;xsd</Extensions>
    </Filter>
    <Filter Include="Header Files">
      <UniqueIdentifier>{93995380-89BD-4b04-88EB-625FBE52EBFB}</UniqueIdentifier>
      <Extensions>h;hpp;hxx;hm;inl;inc;xsd</Extensions>
    </Filter>
    <Filter Include="Source Files">
      <UniqueIdentifier>{4FC737F1-C7A5-4376-A066-2A32D752A2FF}</UniqueIdentifier>
      <Extensions>cpp;c;cxx;def;odl;idl;hpj;bat;asm;asmx</Extensions>
    </Filter>
    <Filter Include="Source Files">
      <UniqueIdentifier>{4FC737F1-C7A5-4376-A066-2A32D752A2FF}</UniqueIdentifier>
      <Extensions>cpp;c;cxx;def;odl;idl;hpj;bat;asm;asmx</Extensions>
    </Filter>
  </ItemGroup>
  <ItemGroup>
    <ClCompile Include="goaddtagsdialog.cpp">
      <Filter>Source Files</Filter>
    </ClCompile>
    <ClCompile Include="golangedit.cpp">
      <Filter>Source Files</Filter>
    </ClCompile>
    <ClCompile Include="golangeditoption.cpp">
      <Filter>Source Files</Filter>
    </ClCompile>
    <ClCompile Include="golangeditoptionfactory.cpp">
      <Filter>Source Files</Filter>
    </ClCompile>
    <ClCompile Include="golangeditplugin.cpp">
      <Filter>Source Files</Filter>
    </ClCompile>
    <ClCompile Include="golangfilesearch.cpp">
      <Filter>Source Files</Filter>
    </ClCompile>
    <ClCompile Include="golanghighlighter.cpp">
      <Filter>Source Files</Filter>
    </ClCompile>
    <ClCompile Include="golanghighlighterfactory.cpp">
      <Filter>Source Files</Filter>
    </ClCompile>
    <ClCompile Include="golangtextlexer.cpp">
      <Filter>Source Files</Filter>
    </ClCompile>
    <ClCompile Include="goplsfilesearch.cpp">
      <Filter>Source Files</Filter>
    </ClCompile>
    <ClCompile Include="goremovetagsdialog.cpp">
      <Filter>Source Files</Filter>
    </ClCompile>
  </ItemGroup>
  <ItemGroup>
    <QtMoc Include="goaddtagsdialog.h">
      <Filter>Header Files</Filter>
    </QtMoc>
    <QtMoc Include="golangedit.h">
      <Filter>Header Files</Filter>
    </QtMoc>
    <ClInclude Include="golangedit_global.h">
      <Filter>Header Files</Filter>
    </ClInclude>
    <QtMoc Include="golangeditoption.h">
      <Filter>Header Files</Filter>
    </QtMoc>
    <ClInclude Include="golangeditoptionfactory.h">
      <Filter>Header Files</Filter>
    </ClInclude>
    <QtMoc Include="golangeditplugin.h">
      <Filter>Header Files</Filter>
    </QtMoc>
    <QtMoc Include="golangfilesearch.h">
      <Filter>Header Files</Filter>
    </QtMoc>
    <QtMoc Include="golanghighlighter.h">
      <Filter>Header Files</Filter>
    </QtMoc>
    <QtMoc Include="golanghighlighterfactory.h">
      <Filter>Header Files</Filter>
    </QtMoc>
    <ClInclude Include="golangtextlexer.h">
      <Filter>Header Files</Filter>
    </ClInclude>
    <QtMoc Include="goplsfilesearch.h">
      <Filter>Header Files</Filter>
    </QtMoc>
    <QtMoc Include="goremovetagsdialog.h">
      <Filter>Header Files</Filter>
    </QtMoc>
    <CustomBuild Include="..\..\pch\liteide_gui_pch.h">
      <Filter>Header Files</Filter>
    </CustomBuild>
  </ItemGroup>
  <ItemGroup>
    <ClCompile Include="..\..\pch\liteide_gui_pch.h.cpp">
      <Filter>Generated Files</Filter>
    </ClCompile>
    <CustomBuild Include="debug\moc_predefs.h.cbt">
      <Filter>Generated Files</Filter>
    </CustomBuild>
    <CustomBuild Include="release\moc_predefs.h.cbt">
      <Filter>Generated Files</Filter>
    </CustomBuild>
  </ItemGroup>
  <ItemGroup>
    <QtUic Include="goaddtagsdialog.ui">
      <Filter>Form Files</Filter>
    </QtUic>
    <QtUic Include="golangeditoption.ui">
      <Filter>Form Files</Filter>
    </QtUic>
    <QtUic Include="goremovetagsdialog.ui">
      <Filter>Form Files</Filter>
    </QtUic>
  </ItemGroup>
</Project>