<?xml version="1.0" encoding="utf-8"?>
<Project xmlns="http://schemas.microsoft.com/developer/msbuild/2003">
  <ItemGroup>
    <Filter Include="Form Files">
      <UniqueIdentifier>{99349809-55BA-4b9d-BF79-8FDBB0286EB3}</UniqueIdentifier>
      <Extensions>ui</Extensions>
      <ParseFiles>false</ParseFiles>
    </Filter>
    <Filter Include="Form Files">
      <UniqueIdentifier>{99349809-55BA-4b9d-BF79-8FDBB0286EB3}</UniqueIdentifier>
      <Extensions>ui</Extensions>
      <ParseFiles>false</ParseFiles>
    </Filter>
    <Filter Include="Generated Files">
      <UniqueIdentifier>{71ED8ED8-ACB9-4CE9-BBE1-E00B30144E11}</UniqueIdentifier>
      <Extensions>cpp;c;cxx;moc;h;def;odl;idl;res;</Extensions>
    </Filter>
    <Filter Include="Generated Files">
      <UniqueIdentifier>{71ED8ED8-ACB9-4CE9-BBE1-E00B30144E11}</UniqueIdentifier>
      <Extensions>cpp;c;cxx;moc;h;def;odl;idl;res;</Extensions>
    </Filter>
    <Filter Include="Header Files">
      <UniqueIdentifier>{93995380-89BD-4b04-88EB-625FBE52EBFB}</UniqueIdentifier>
      <Extensions>h;hpp;hxx;hm;inl;inc;xsd</Extensions>
    </Filter>
    <Filter Include="Header Files">
      <UniqueIdentifier>{93995380-89BD-4b04-88EB-625FBE52EBFB}</UniqueIdentifier>
      <Extensions>h;hpp;hxx;hm;inl;inc;xsd</Extensions>
    </Filter>
    <Filter Include="Source Files">
      <UniqueIdentifier>{4FC737F1-C7A5-4376-A066-2A32D752A2FF}</UniqueIdentifier>
      <Extensions>cpp;c;cxx;def;odl;idl;hpj;bat;asm;asmx</Extensions>
    </Filter>
    <Filter Include="Source Files">
      <UniqueIdentifier>{4FC737F1-C7A5-4376-A066-2A32D752A2FF}</UniqueIdentifier>
      <Extensions>cpp;c;cxx;def;odl;idl;hpj;bat;asm;asmx</Extensions>
    </Filter>
  </ItemGroup>
  <ItemGroup>
    <ClCompile Include="..\..\3rdparty\fakevim\fakevim\fakevimactions.cpp">
      <Filter>Source Files</Filter>
    </ClCompile>
    <ClCompile Include="fakevimedit.cpp">
      <Filter>Source Files</Filter>
    </ClCompile>
    <ClCompile Include="fakevimeditoption.cpp">
      <Filter>Source Files</Filter>
    </ClCompile>
    <ClCompile Include="fakevimeditoptionfactory.cpp">
      <Filter>Source Files</Filter>
    </ClCompile>
    <ClCompile Include="fakevimeditplugin.cpp">
      <Filter>Source Files</Filter>
    </ClCompile>
    <QtMoc Include="..\..\3rdparty\fakevim\fakevim\fakevimhandler.cpp">
      <Filter>Source Files</Filter>
    </QtMoc>
    <ClCompile Include="..\..\3rdparty\fakevim\fakevim\utils\qtcassert.cpp">
      <Filter>Source Files</Filter>
    </ClCompile>
  </ItemGroup>
  <ItemGroup>
    <QtMoc Include="..\..\3rdparty\fakevim\fakevim\fakevimactions.h">
      <Filter>Header Files</Filter>
    </QtMoc>
    <QtMoc Include="fakevimedit.h">
      <Filter>Header Files</Filter>
    </QtMoc>
    <ClInclude Include="fakevimedit_global.h">
      <Filter>Header Files</Filter>
    </ClInclude>
    <QtMoc Include="fakevimeditoption.h">
      <Filter>Header Files</Filter>
    </QtMoc>
    <ClInclude Include="fakevimeditoptionfactory.h">
      <Filter>Header Files</Filter>
    </ClInclude>
    <QtMoc Include="fakevimeditplugin.h">
      <Filter>Header Files</Filter>
    </QtMoc>
    <QtMoc Include="..\..\3rdparty\fakevim\fakevim\fakevimhandler.h">
      <Filter>Header Files</Filter>
    </QtMoc>
    <ClInclude Include="..\..\3rdparty\fakevim\fakevim\utils\hostosinfo.h">
      <Filter>Header Files</Filter>
    </ClInclude>
    <CustomBuild Include="..\..\pch\liteide_gui_pch.h">
      <Filter>Header Files</Filter>
    </CustomBuild>
  </ItemGroup>
  <ItemGroup>
    <ClCompile Include="..\..\pch\liteide_gui_pch.h.cpp">
      <Filter>Generated Files</Filter>
    </ClCompile>
    <CustomBuild Include="debug\moc_predefs.h.cbt">
      <Filter>Generated Files</Filter>
    </CustomBuild>
    <CustomBuild Include="release\moc_predefs.h.cbt">
      <Filter>Generated Files</Filter>
    </CustomBuild>
  </ItemGroup>
  <ItemGroup>
    <QtUic Include="fakevimeditoption.ui">
      <Filter>Form Files</Filter>
    </QtUic>
  </ItemGroup>
</Project>