<?xml version="1.0" encoding="utf-8"?>
<Project xmlns="http://schemas.microsoft.com/developer/msbuild/2003">
  <ItemGroup>
    <Filter Include="Form Files">
      <UniqueIdentifier>{99349809-55BA-4b9d-BF79-8FDBB0286EB3}</UniqueIdentifier>
      <Extensions>ui</Extensions>
      <ParseFiles>false</ParseFiles>
    </Filter>
    <Filter Include="Form Files">
      <UniqueIdentifier>{99349809-55BA-4b9d-BF79-8FDBB0286EB3}</UniqueIdentifier>
      <Extensions>ui</Extensions>
      <ParseFiles>false</ParseFiles>
    </Filter>
    <Filter Include="Generated Files">
      <UniqueIdentifier>{71ED8ED8-ACB9-4CE9-BBE1-E00B30144E11}</UniqueIdentifier>
      <Extensions>cpp;c;cxx;moc;h;def;odl;idl;res;</Extensions>
    </Filter>
    <Filter Include="Generated Files">
      <UniqueIdentifier>{71ED8ED8-ACB9-4CE9-BBE1-E00B30144E11}</UniqueIdentifier>
      <Extensions>cpp;c;cxx;moc;h;def;odl;idl;res;</Extensions>
    </Filter>
    <Filter Include="Header Files">
      <UniqueIdentifier>{93995380-89BD-4b04-88EB-625FBE52EBFB}</UniqueIdentifier>
      <Extensions>h;hpp;hxx;hm;inl;inc;xsd</Extensions>
    </Filter>
    <Filter Include="Header Files">
      <UniqueIdentifier>{93995380-89BD-4b04-88EB-625FBE52EBFB}</UniqueIdentifier>
      <Extensions>h;hpp;hxx;hm;inl;inc;xsd</Extensions>
    </Filter>
    <Filter Include="Resource Files">
      <UniqueIdentifier>{D9D6E242-F8AF-46E4-B9FD-80ECBC20BA3E}</UniqueIdentifier>
      <Extensions>qrc;*</Extensions>
      <ParseFiles>false</ParseFiles>
    </Filter>
    <Filter Include="Resource Files">
      <UniqueIdentifier>{D9D6E242-F8AF-46E4-B9FD-80ECBC20BA3E}</UniqueIdentifier>
      <Extensions>qrc;*</Extensions>
      <ParseFiles>false</ParseFiles>
    </Filter>
    <Filter Include="Source Files">
      <UniqueIdentifier>{4FC737F1-C7A5-4376-A066-2A32D752A2FF}</UniqueIdentifier>
      <Extensions>cpp;c;cxx;def;odl;idl;hpj;bat;asm;asmx</Extensions>
    </Filter>
    <Filter Include="Source Files">
      <UniqueIdentifier>{4FC737F1-C7A5-4376-A066-2A32D752A2FF}</UniqueIdentifier>
      <Extensions>cpp;c;cxx;def;odl;idl;hpj;bat;asm;asmx</Extensions>
    </Filter>
  </ItemGroup>
  <ItemGroup>
    <ClCompile Include="debugmanager.cpp">
      <Filter>Source Files</Filter>
    </ClCompile>
    <ClCompile Include="debugwidget.cpp">
      <Filter>Source Files</Filter>
    </ClCompile>
    <ClCompile Include="litedebug.cpp">
      <Filter>Source Files</Filter>
    </ClCompile>
    <ClCompile Include="litedebugoption.cpp">
      <Filter>Source Files</Filter>
    </ClCompile>
    <ClCompile Include="litedebugoptionfactory.cpp">
      <Filter>Source Files</Filter>
    </ClCompile>
    <ClCompile Include="litedebugplugin.cpp">
      <Filter>Source Files</Filter>
    </ClCompile>
    <ClCompile Include="selectexternaldialog.cpp">
      <Filter>Source Files</Filter>
    </ClCompile>
  </ItemGroup>
  <ItemGroup>
    <QtMoc Include="debugmanager.h">
      <Filter>Header Files</Filter>
    </QtMoc>
    <QtMoc Include="debugwidget.h">
      <Filter>Header Files</Filter>
    </QtMoc>
    <QtMoc Include="litedebug.h">
      <Filter>Header Files</Filter>
    </QtMoc>
    <ClInclude Include="litedebug_global.h">
      <Filter>Header Files</Filter>
    </ClInclude>
    <QtMoc Include="litedebugoption.h">
      <Filter>Header Files</Filter>
    </QtMoc>
    <ClInclude Include="litedebugoptionfactory.h">
      <Filter>Header Files</Filter>
    </ClInclude>
    <QtMoc Include="litedebugplugin.h">
      <Filter>Header Files</Filter>
    </QtMoc>
    <CustomBuild Include="..\..\pch\liteide_gui_pch.h">
      <Filter>Header Files</Filter>
    </CustomBuild>
    <QtMoc Include="selectexternaldialog.h">
      <Filter>Header Files</Filter>
    </QtMoc>
  </ItemGroup>
  <ItemGroup>
    <ClCompile Include="..\..\pch\liteide_gui_pch.h.cpp">
      <Filter>Generated Files</Filter>
    </ClCompile>
    <CustomBuild Include="debug\moc_predefs.h.cbt">
      <Filter>Generated Files</Filter>
    </CustomBuild>
    <CustomBuild Include="release\moc_predefs.h.cbt">
      <Filter>Generated Files</Filter>
    </CustomBuild>
  </ItemGroup>
  <ItemGroup>
    <QtUic Include="litedebugoption.ui">
      <Filter>Form Files</Filter>
    </QtUic>
    <QtUic Include="selectexternaldialog.ui">
      <Filter>Form Files</Filter>
    </QtUic>
  </ItemGroup>
  <ItemGroup>
    <None Include="images\breakmark.png">
      <Filter>Resource Files</Filter>
    </None>
    <None Include="images\continue.png">
      <Filter>Resource Files</Filter>
    </None>
    <None Include="images\insertbreak.png">
      <Filter>Resource Files</Filter>
    </None>
    <None Include="images\linemark.png">
      <Filter>Resource Files</Filter>
    </None>
    <QtRcc Include="litedebug.qrc">
      <Filter>Resource Files</Filter>
    </QtRcc>
    <None Include="images\runtoline.png">
      <Filter>Resource Files</Filter>
    </None>
    <None Include="images\showline.png">
      <Filter>Resource Files</Filter>
    </None>
    <None Include="images\startdebug.png">
      <Filter>Resource Files</Filter>
    </None>
    <None Include="images\stepinto.png">
      <Filter>Resource Files</Filter>
    </None>
    <None Include="images\stepout.png">
      <Filter>Resource Files</Filter>
    </None>
    <None Include="images\stepover.png">
      <Filter>Resource Files</Filter>
    </None>
    <None Include="images\stopdebug.png">
      <Filter>Resource Files</Filter>
    </None>
  </ItemGroup>
</Project>