Microsoft Visual Studio Solution File, Format Version 12.00
# Visual Studio Version 16
Project("{8BC9CEB8-8B4A-11D0-8D11-00A0C91BC942}") = "liteide_ctrlc_stub", "D:/liteide-Master/liteidex/src/tools/liteide_ctrlc_stub\liteide_ctrlc_stub.vcxproj", "{EB012F9D-CE9B-3356-B15C-255E363D4DE6}"
EndProject
Global
	GlobalSection(SolutionConfigurationPlatforms) = preSolution
		Debug|x64 = Debug|x64
		Release|x64 = Release|x64
	EndGlobalSection
	GlobalSection(ProjectConfigurationPlatforms) = postSolution
		{EB012F9D-CE9B-3356-B15C-255E363D4DE6}.Debug|x64.ActiveCfg = Debug|x64
		{EB012F9D-CE9B-3356-B15C-255E363D4DE6}.Debug|x64.Build.0 = Debug|x64
		{EB012F9D-CE9B-3356-B15C-255E363D4DE6}.Release|x64.ActiveCfg = Release|x64
		{EB012F9D-CE9B-3356-B15C-255E363D4DE6}.Release|x64.Build.0 = Release|x64
	EndGlobalSection
	GlobalSection(ExtensibilityGlobals) = postSolution
	EndGlobalSection
	GlobalSection(ExtensibilityAddIns) = postSolution
	EndGlobalSection
EndGlobal