Microsoft Visual Studio Solution File, Format Version 12.00
# Visual Studio Version 16
Project("{8BC9CEB8-8B4A-11D0-8D11-00A0C91BC942}") = "liteapi", "D:/liteide-Master/liteidex/src/api/liteapi\liteapi.vcxproj", "{479E0212-570E-3778-B5F1-1FA964A498C9}"
EndProject
Project("{8BC9CEB8-8B4A-11D0-8D11-00A0C91BC942}") = "liteenvapi", "D:/liteide-Master/liteidex/src/api/liteenvapi\liteenvapi.vcxproj", "{6415D758-91BC-3EA9-B9B4-7A728A1B3CB4}"
	ProjectSection(ProjectDependencies) = postProject
		{479E0212-570E-3778-B5F1-1FA964A498C9} = {479E0212-570E-3778-B5F1-1FA964A498C9}
	EndProjectSection
EndProject
Project("{8BC9CEB8-8B4A-11D0-8D11-00A0C91BC942}") = "litefindapi", "D:/liteide-Master/liteidex/src/api/litefindapi\litefindapi.vcxproj", "{A8FC7587-28AF-396B-9DCA-23ED238A5D35}"
	ProjectSection(ProjectDependencies) = postProject
		{479E0212-570E-3778-B5F1-1FA964A498C9} = {479E0212-570E-3778-B5F1-1FA964A498C9}
	EndProjectSection
EndProject
Project("{8BC9CEB8-8B4A-11D0-8D11-00A0C91BC942}") = "litebuildapi", "D:/liteide-Master/liteidex/src/api/litebuildapi\litebuildapi.vcxproj", "{21ED6EF3-03A6-3D96-BDB3-7EB8A421E4E9}"
	ProjectSection(ProjectDependencies) = postProject
		{479E0212-570E-3778-B5F1-1FA964A498C9} = {479E0212-570E-3778-B5F1-1FA964A498C9}
	EndProjectSection
EndProject
Project("{8BC9CEB8-8B4A-11D0-8D11-00A0C91BC942}") = "liteeditorapi", "D:/liteide-Master/liteidex/src/api/liteeditorapi\liteeditorapi.vcxproj", "{14829BAB-21BA-3F3A-A8D4-C7A574BC88AC}"
	ProjectSection(ProjectDependencies) = postProject
		{479E0212-570E-3778-B5F1-1FA964A498C9} = {479E0212-570E-3778-B5F1-1FA964A498C9}
	EndProjectSection
EndProject
Project("{8BC9CEB8-8B4A-11D0-8D11-00A0C91BC942}") = "litedebugapi", "D:/liteide-Master/liteidex/src/api/litedebugapi\litedebugapi.vcxproj", "{A7203960-4A03-3C8A-A059-EAE81AD030E9}"
	ProjectSection(ProjectDependencies) = postProject
		{479E0212-570E-3778-B5F1-1FA964A498C9} = {479E0212-570E-3778-B5F1-1FA964A498C9}
	EndProjectSection
EndProject
Project("{8BC9CEB8-8B4A-11D0-8D11-00A0C91BC942}") = "litettyapi", "D:/liteide-Master/liteidex/src/api/litettyapi\litettyapi.vcxproj", "{A0E9139E-67DD-3C52-88E2-5212FA8B36DF}"
	ProjectSection(ProjectDependencies) = postProject
		{479E0212-570E-3778-B5F1-1FA964A498C9} = {479E0212-570E-3778-B5F1-1FA964A498C9}
	EndProjectSection
EndProject
Project("{8BC9CEB8-8B4A-11D0-8D11-00A0C91BC942}") = "docbrowserapi", "D:/liteide-Master/liteidex/src/api/docbrowserapi\docbrowserapi.vcxproj", "{CC127491-2644-3DFE-984F-B1AACF8540F4}"
	ProjectSection(ProjectDependencies) = postProject
		{479E0212-570E-3778-B5F1-1FA964A498C9} = {479E0212-570E-3778-B5F1-1FA964A498C9}
	EndProjectSection
EndProject
Project("{8BC9CEB8-8B4A-11D0-8D11-00A0C91BC942}") = "golangdocapi", "D:/liteide-Master/liteidex/src/api/golangdocapi\golangdocapi.vcxproj", "{72BC3700-F9BA-3102-A05C-EF9E792127E1}"
	ProjectSection(ProjectDependencies) = postProject
		{479E0212-570E-3778-B5F1-1FA964A498C9} = {479E0212-570E-3778-B5F1-1FA964A498C9}
	EndProjectSection
EndProject
Project("{8BC9CEB8-8B4A-11D0-8D11-00A0C91BC942}") = "golangastapi", "D:/liteide-Master/liteidex/src/api/golangastapi\golangastapi.vcxproj", "{DBE711C6-1AE3-30CE-82C3-B6413B399362}"
	ProjectSection(ProjectDependencies) = postProject
		{479E0212-570E-3778-B5F1-1FA964A498C9} = {479E0212-570E-3778-B5F1-1FA964A498C9}
	EndProjectSection
EndProject
Project("{8BC9CEB8-8B4A-11D0-8D11-00A0C91BC942}") = "quickopenapi", "D:/liteide-Master/liteidex/src/api/quickopenapi\quickopenapi.vcxproj", "{9C243174-72B6-3301-8ACB-2468A6F832D6}"
	ProjectSection(ProjectDependencies) = postProject
		{479E0212-570E-3778-B5F1-1FA964A498C9} = {479E0212-570E-3778-B5F1-1FA964A498C9}
	EndProjectSection
EndProject
Project("{8BC9CEB8-8B4A-11D0-8D11-00A0C91BC942}") = "terminalapi", "D:/liteide-Master/liteidex/src/api/terminalapi\terminalapi.vcxproj", "{AD19C87C-2EF4-3972-93D5-484B25A56851}"
	ProjectSection(ProjectDependencies) = postProject
		{479E0212-570E-3778-B5F1-1FA964A498C9} = {479E0212-570E-3778-B5F1-1FA964A498C9}
	EndProjectSection
EndProject
Project("{8BC9CEB8-8B4A-11D0-8D11-00A0C91BC942}") = "treemodelcompleter", "D:/liteide-Master/liteidex/src/3rdparty/treemodelcompleter\treemodelcompleter.vcxproj", "{585E1D98-C24C-34B9-BE45-B27CD16DD280}"
EndProject
Project("{8BC9CEB8-8B4A-11D0-8D11-00A0C91BC942}") = "qtctexteditor", "D:/liteide-Master/liteidex/src/3rdparty/qtc_texteditor\qtctexteditor.vcxproj", "{20479210-D76B-38A1-AA1A-2A83FA9CE139}"
	ProjectSection(ProjectDependencies) = postProject
		{9F4AE099-EF8E-31EA-9EF1-0BAFAF1D2BEA} = {9F4AE099-EF8E-31EA-9EF1-0BAFAF1D2BEA}
	EndProjectSection
EndProject
Project("{8BC9CEB8-8B4A-11D0-8D11-00A0C91BC942}") = "qtcgdbmi", "D:/liteide-Master/liteidex/src/3rdparty/qtc_gdbmi\qtcgdbmi.vcxproj", "{AFD8B819-6C10-3BEC-8530-51EBAC7F2F99}"
EndProject
Project("{8BC9CEB8-8B4A-11D0-8D11-00A0C91BC942}") = "qtc_editutil", "D:/liteide-Master/liteidex/src/3rdparty/qtc_editutil\qtc_editutil.vcxproj", "{F58F2C67-1D0E-3025-B219-5A662A7CEAEF}"
EndProject
Project("{8BC9CEB8-8B4A-11D0-8D11-00A0C91BC942}") = "qtc_searchresult", "D:/liteide-Master/liteidex/src/3rdparty/qtc_searchresult\qtc_searchresult.vcxproj", "{3D82E366-466D-3A0B-B28E-05D2DDE19E41}"
EndProject
Project("{8BC9CEB8-8B4A-11D0-8D11-00A0C91BC942}") = "qtc_itemview", "D:/liteide-Master/liteidex/src/3rdparty/qtc_itemview\qtc_itemview.vcxproj", "{567E723D-DB52-39F3-BE08-72EF57EFCBF2}"
EndProject
Project("{8BC9CEB8-8B4A-11D0-8D11-00A0C91BC942}") = "qt_browser", "D:/liteide-Master/liteidex/src/3rdparty/qt_browser\qt_browser.vcxproj", "{BB838143-7EAB-38BE-982A-C36D8C51F0C7}"
EndProject
Project("{8BC9CEB8-8B4A-11D0-8D11-00A0C91BC942}") = "json", "D:/liteide-Master/liteidex/src/3rdparty/qjson/src\json.vcxproj", "{DF4DDFBB-2800-3278-86A7-F1EC13452F8D}"
EndProject
Project("{8BC9CEB8-8B4A-11D0-8D11-00A0C91BC942}") = "elidedlabel", "D:/liteide-Master/liteidex/src/3rdparty/elidedlabel\elidedlabel.vcxproj", "{F9ADA2CD-48F5-3E2A-9976-E38DCD980410}"
EndProject
Project("{8BC9CEB8-8B4A-11D0-8D11-00A0C91BC942}") = "cplusplus", "D:/liteide-Master/liteidex/src/3rdparty/cplusplus\cplusplus.vcxproj", "{2DAC49D3-DBEC-3C14-AE8B-C436A801E422}"
EndProject
Project("{8BC9CEB8-8B4A-11D0-8D11-00A0C91BC942}") = "fakevim", "D:/liteide-Master/liteidex/src/3rdparty/fakevim/fakevim\fakevim.vcxproj", "{749EFB2D-020B-3163-871E-B5D150C1C5F9}"
EndProject
Project("{8BC9CEB8-8B4A-11D0-8D11-00A0C91BC942}") = "diff_match_pitch", "D:/liteide-Master/liteidex/src/3rdparty/diff_match_patch\diff_match_pitch.vcxproj", "{E4296D38-0F18-35CB-91FB-363277BB277C}"
EndProject
Project("{8BC9CEB8-8B4A-11D0-8D11-00A0C91BC942}") = "qjsonrpc", "D:/liteide-Master/liteidex/src/3rdparty/qjsonrpc/src\qjsonrpc.vcxproj", "{AD88003A-19E0-3DA7-9FD5-A2461E95F87F}"
EndProject
Project("{8BC9CEB8-8B4A-11D0-8D11-00A0C91BC942}") = "libucd", "D:/liteide-Master/liteidex/src/3rdparty/libucd\libucd.vcxproj", "{0484477F-3401-3959-B175-1186E1D9DCB5}"
EndProject
Project("{8BC9CEB8-8B4A-11D0-8D11-00A0C91BC942}") = "cmark", "D:/liteide-Master/liteidex/src/3rdparty/cmark\cmark.vcxproj", "{AD8E3C7C-0349-38D8-9AD8-40213188B662}"
EndProject
Project("{8BC9CEB8-8B4A-11D0-8D11-00A0C91BC942}") = "libvterm", "D:/liteide-Master/liteidex/src/3rdparty/libvterm\libvterm.vcxproj", "{070D8B42-5EFF-3BD6-BE9F-1B2E60057B9B}"
EndProject
Project("{8BC9CEB8-8B4A-11D0-8D11-00A0C91BC942}") = "ptyqt", "D:/liteide-Master/liteidex/src/3rdparty/ptyqt\ptyqt.vcxproj", "{33552439-7CDD-3F68-8B73-BC63CBE838D6}"
EndProject
Project("{8BC9CEB8-8B4A-11D0-8D11-00A0C91BC942}") = "fileutil", "D:/liteide-Master/liteidex/src/utils/fileutil\fileutil.vcxproj", "{387C6E2F-5690-372F-B40F-DB34B19E4C9F}"
EndProject
Project("{8BC9CEB8-8B4A-11D0-8D11-00A0C91BC942}") = "mimetype", "D:/liteide-Master/liteidex/src/utils/mimetype\mimetype.vcxproj", "{CA42BE12-0583-3969-9B07-8493F2A0A374}"
EndProject
Project("{8BC9CEB8-8B4A-11D0-8D11-00A0C91BC942}") = "extension", "D:/liteide-Master/liteidex/src/utils/extension\extension.vcxproj", "{6FE1F1AD-3557-3343-9934-4C185C14B86D}"
EndProject
Project("{8BC9CEB8-8B4A-11D0-8D11-00A0C91BC942}") = "textoutput", "D:/liteide-Master/liteidex/src/utils/textoutput\textoutput.vcxproj", "{2D4DBCEF-6055-3522-B246-2DBEBDE9B284}"
	ProjectSection(ProjectDependencies) = postProject
		{9F4AE099-EF8E-31EA-9EF1-0BAFAF1D2BEA} = {9F4AE099-EF8E-31EA-9EF1-0BAFAF1D2BEA}
	EndProjectSection
EndProject
Project("{8BC9CEB8-8B4A-11D0-8D11-00A0C91BC942}") = "symboltreeview", "D:/liteide-Master/liteidex/src/utils/symboltreeview\symboltreeview.vcxproj", "{7B73EE5C-AFFE-3685-9A38-7045BD317EF1}"
EndProject
Project("{8BC9CEB8-8B4A-11D0-8D11-00A0C91BC942}") = "modelproject", "D:/liteide-Master/liteidex/src/utils/modelproject\modelproject.vcxproj", "{B58F850C-B13E-3C78-8DFB-2D5B13067823}"
	ProjectSection(ProjectDependencies) = postProject
		{387C6E2F-5690-372F-B40F-DB34B19E4C9F} = {387C6E2F-5690-372F-B40F-DB34B19E4C9F}
	EndProjectSection
EndProject
Project("{8BC9CEB8-8B4A-11D0-8D11-00A0C91BC942}") = "processex", "D:/liteide-Master/liteidex/src/utils/processex\processex.vcxproj", "{1E3C9C43-2296-3D8C-8AAF-6E499D4517FB}"
EndProject
Project("{8BC9CEB8-8B4A-11D0-8D11-00A0C91BC942}") = "colorstyle", "D:/liteide-Master/liteidex/src/utils/colorstyle\colorstyle.vcxproj", "{9F4AE099-EF8E-31EA-9EF1-0BAFAF1D2BEA}"
EndProject
Project("{8BC9CEB8-8B4A-11D0-8D11-00A0C91BC942}") = "documentbrowser", "D:/liteide-Master/liteidex/src/utils/documentbrowser\documentbrowser.vcxproj", "{C582BF0C-6241-3E4D-9AAA-5743349EFF63}"
	ProjectSection(ProjectDependencies) = postProject
		{CC127491-2644-3DFE-984F-B1AACF8540F4} = {CC127491-2644-3DFE-984F-B1AACF8540F4}
		{6FE1F1AD-3557-3343-9934-4C185C14B86D} = {6FE1F1AD-3557-3343-9934-4C185C14B86D}
	EndProjectSection
EndProject
Project("{8BC9CEB8-8B4A-11D0-8D11-00A0C91BC942}") = "htmlutil", "D:/liteide-Master/liteidex/src/utils/htmlutil\htmlutil.vcxproj", "{832F568A-1F41-3269-8473-A95835961094}"
EndProject
Project("{8BC9CEB8-8B4A-11D0-8D11-00A0C91BC942}") = "golangapi", "D:/liteide-Master/liteidex/src/utils/golangapi\golangapi.vcxproj", "{7537EB52-7BB3-3E38-8F5A-CED45AB97CC8}"
	ProjectSection(ProjectDependencies) = postProject
		{72BC3700-F9BA-3102-A05C-EF9E792127E1} = {72BC3700-F9BA-3102-A05C-EF9E792127E1}
	EndProjectSection
EndProject
Project("{8BC9CEB8-8B4A-11D0-8D11-00A0C91BC942}") = "filesystem", "D:/liteide-Master/liteidex/src/utils/filesystem\filesystem.vcxproj", "{5403CEDF-81D7-32A9-84F9-D20A8E2F47BE}"
	ProjectSection(ProjectDependencies) = postProject
		{7B73EE5C-AFFE-3685-9A38-7045BD317EF1} = {7B73EE5C-AFFE-3685-9A38-7045BD317EF1}
	EndProjectSection
EndProject
Project("{8BC9CEB8-8B4A-11D0-8D11-00A0C91BC942}") = "editorutil", "D:/liteide-Master/liteidex/src/utils/editorutil\editorutil.vcxproj", "{E69B1565-D8E2-3D75-8353-162B5D4F6D14}"
	ProjectSection(ProjectDependencies) = postProject
		{E4296D38-0F18-35CB-91FB-363277BB277C} = {E4296D38-0F18-35CB-91FB-363277BB277C}
		{0484477F-3401-3959-B175-1186E1D9DCB5} = {0484477F-3401-3959-B175-1186E1D9DCB5}
	EndProjectSection
EndProject
Project("{8BC9CEB8-8B4A-11D0-8D11-00A0C91BC942}") = "folderview", "D:/liteide-Master/liteidex/src/utils/folderview\folderview.vcxproj", "{C162F47E-B1CC-33E3-9094-9BCEA44C6377}"
	ProjectSection(ProjectDependencies) = postProject
		{7B73EE5C-AFFE-3685-9A38-7045BD317EF1} = {7B73EE5C-AFFE-3685-9A38-7045BD317EF1}
	EndProjectSection
EndProject
Project("{8BC9CEB8-8B4A-11D0-8D11-00A0C91BC942}") = "iconutil", "D:/liteide-Master/liteidex/src/utils/iconutil\iconutil.vcxproj", "{4BBF87D5-C1EE-3638-8C23-0D719CFB4E44}"
EndProject
Project("{8BC9CEB8-8B4A-11D0-8D11-00A0C91BC942}") = "dlvclient", "D:/liteide-Master/liteidex/src/utils/dlvclient\dlvclient.vcxproj", "{E29ABCEE-3A95-3586-9E22-64209D8A2D70}"
	ProjectSection(ProjectDependencies) = postProject
		{AD88003A-19E0-3DA7-9FD5-A2461E95F87F} = {AD88003A-19E0-3DA7-9FD5-A2461E95F87F}
	EndProjectSection
EndProject
Project("{8BC9CEB8-8B4A-11D0-8D11-00A0C91BC942}") = "navigate", "D:/liteide-Master/liteidex/src/utils/navigate\navigate.vcxproj", "{9331EA08-E9BD-3F70-BE3D-AD306A7E5DFD}"
EndProject
Project("{8BC9CEB8-8B4A-11D0-8D11-00A0C91BC942}") = "tabwidget", "D:/liteide-Master/liteidex/src/utils/tabwidget\tabwidget.vcxproj", "{C2D43894-8A8F-3821-BE7D-012DB4FCCBC9}"
EndProject
Project("{8BC9CEB8-8B4A-11D0-8D11-00A0C91BC942}") = "vtermwidget", "D:/liteide-Master/liteidex/src/utils/vterm\vtermwidget.vcxproj", "{E96873D4-A220-340C-B106-94DC19663C2E}"
	ProjectSection(ProjectDependencies) = postProject
		{070D8B42-5EFF-3BD6-BE9F-1B2E60057B9B} = {070D8B42-5EFF-3BD6-BE9F-1B2E60057B9B}
		{33552439-7CDD-3F68-8B73-BC63CBE838D6} = {33552439-7CDD-3F68-8B73-BC63CBE838D6}
	EndProjectSection
EndProject
Project("{8BC9CEB8-8B4A-11D0-8D11-00A0C91BC942}") = "liteapp", "D:/liteide-Master/liteidex/src/liteapp\liteapp.vcxproj", "{A3D6A537-B9D7-344A-90CA-21BD08FAA06E}"
	ProjectSection(ProjectDependencies) = postProject
		{479E0212-570E-3778-B5F1-1FA964A498C9} = {479E0212-570E-3778-B5F1-1FA964A498C9}
		{387C6E2F-5690-372F-B40F-DB34B19E4C9F} = {387C6E2F-5690-372F-B40F-DB34B19E4C9F}
		{CA42BE12-0583-3969-9B07-8493F2A0A374} = {CA42BE12-0583-3969-9B07-8493F2A0A374}
		{2D4DBCEF-6055-3522-B246-2DBEBDE9B284} = {2D4DBCEF-6055-3522-B246-2DBEBDE9B284}
		{6FE1F1AD-3557-3343-9934-4C185C14B86D} = {6FE1F1AD-3557-3343-9934-4C185C14B86D}
		{C162F47E-B1CC-33E3-9094-9BCEA44C6377} = {C162F47E-B1CC-33E3-9094-9BCEA44C6377}
		{7B73EE5C-AFFE-3685-9A38-7045BD317EF1} = {7B73EE5C-AFFE-3685-9A38-7045BD317EF1}
		{9F4AE099-EF8E-31EA-9EF1-0BAFAF1D2BEA} = {9F4AE099-EF8E-31EA-9EF1-0BAFAF1D2BEA}
		{C2D43894-8A8F-3821-BE7D-012DB4FCCBC9} = {C2D43894-8A8F-3821-BE7D-012DB4FCCBC9}
		{F9ADA2CD-48F5-3E2A-9976-E38DCD980410} = {F9ADA2CD-48F5-3E2A-9976-E38DCD980410}
		{F58F2C67-1D0E-3025-B219-5A662A7CEAEF} = {F58F2C67-1D0E-3025-B219-5A662A7CEAEF}
		{567E723D-DB52-39F3-BE08-72EF57EFCBF2} = {567E723D-DB52-39F3-BE08-72EF57EFCBF2}
	EndProjectSection
EndProject
Project("{8BC9CEB8-8B4A-11D0-8D11-00A0C91BC942}") = "welcome", "D:/liteide-Master/liteidex/src/plugins/welcome\welcome.vcxproj", "{F80F9CC1-FE02-39C4-881E-4F1AF76EB776}"
	ProjectSection(ProjectDependencies) = postProject
		{479E0212-570E-3778-B5F1-1FA964A498C9} = {479E0212-570E-3778-B5F1-1FA964A498C9}
		{AD8E3C7C-0349-38D8-9AD8-40213188B662} = {AD8E3C7C-0349-38D8-9AD8-40213188B662}
		{F9ADA2CD-48F5-3E2A-9976-E38DCD980410} = {F9ADA2CD-48F5-3E2A-9976-E38DCD980410}
		{C582BF0C-6241-3E4D-9AAA-5743349EFF63} = {C582BF0C-6241-3E4D-9AAA-5743349EFF63}
		{6FE1F1AD-3557-3343-9934-4C185C14B86D} = {6FE1F1AD-3557-3343-9934-4C185C14B86D}
		{CC127491-2644-3DFE-984F-B1AACF8540F4} = {CC127491-2644-3DFE-984F-B1AACF8540F4}
		{832F568A-1F41-3269-8473-A95835961094} = {832F568A-1F41-3269-8473-A95835961094}
	EndProjectSection
EndProject
Project("{8BC9CEB8-8B4A-11D0-8D11-00A0C91BC942}") = "liteenv", "D:/liteide-Master/liteidex/src/plugins/liteenv\liteenv.vcxproj", "{8B67BEDE-D6FB-3E31-A516-DD0169699DE0}"
	ProjectSection(ProjectDependencies) = postProject
		{479E0212-570E-3778-B5F1-1FA964A498C9} = {479E0212-570E-3778-B5F1-1FA964A498C9}
		{6415D758-91BC-3EA9-B9B4-7A728A1B3CB4} = {6415D758-91BC-3EA9-B9B4-7A728A1B3CB4}
		{387C6E2F-5690-372F-B40F-DB34B19E4C9F} = {387C6E2F-5690-372F-B40F-DB34B19E4C9F}
		{1E3C9C43-2296-3D8C-8AAF-6E499D4517FB} = {1E3C9C43-2296-3D8C-8AAF-6E499D4517FB}
	EndProjectSection
EndProject
Project("{8BC9CEB8-8B4A-11D0-8D11-00A0C91BC942}") = "litebuild", "D:/liteide-Master/liteidex/src/plugins/litebuild\litebuild.vcxproj", "{B4C6818F-3C85-3B56-944F-0DB356130EBE}"
	ProjectSection(ProjectDependencies) = postProject
		{479E0212-570E-3778-B5F1-1FA964A498C9} = {479E0212-570E-3778-B5F1-1FA964A498C9}
		{6415D758-91BC-3EA9-B9B4-7A728A1B3CB4} = {6415D758-91BC-3EA9-B9B4-7A728A1B3CB4}
		{21ED6EF3-03A6-3D96-BDB3-7EB8A421E4E9} = {21ED6EF3-03A6-3D96-BDB3-7EB8A421E4E9}
		{72BC3700-F9BA-3102-A05C-EF9E792127E1} = {72BC3700-F9BA-3102-A05C-EF9E792127E1}
		{F9ADA2CD-48F5-3E2A-9976-E38DCD980410} = {F9ADA2CD-48F5-3E2A-9976-E38DCD980410}
		{387C6E2F-5690-372F-B40F-DB34B19E4C9F} = {387C6E2F-5690-372F-B40F-DB34B19E4C9F}
		{1E3C9C43-2296-3D8C-8AAF-6E499D4517FB} = {1E3C9C43-2296-3D8C-8AAF-6E499D4517FB}
		{2D4DBCEF-6055-3522-B246-2DBEBDE9B284} = {2D4DBCEF-6055-3522-B246-2DBEBDE9B284}
		{9F4AE099-EF8E-31EA-9EF1-0BAFAF1D2BEA} = {9F4AE099-EF8E-31EA-9EF1-0BAFAF1D2BEA}
	EndProjectSection
EndProject
Project("{8BC9CEB8-8B4A-11D0-8D11-00A0C91BC942}") = "liteeditor", "D:/liteide-Master/liteidex/src/plugins/liteeditor\liteeditor.vcxproj", "{022F0D73-1851-3FB9-B36A-FDB81DB5B8CC}"
	ProjectSection(ProjectDependencies) = postProject
		{479E0212-570E-3778-B5F1-1FA964A498C9} = {479E0212-570E-3778-B5F1-1FA964A498C9}
		{14829BAB-21BA-3F3A-A8D4-C7A574BC88AC} = {14829BAB-21BA-3F3A-A8D4-C7A574BC88AC}
		{9C243174-72B6-3301-8ACB-2468A6F832D6} = {9C243174-72B6-3301-8ACB-2468A6F832D6}
		{6FE1F1AD-3557-3343-9934-4C185C14B86D} = {6FE1F1AD-3557-3343-9934-4C185C14B86D}
		{CA42BE12-0583-3969-9B07-8493F2A0A374} = {CA42BE12-0583-3969-9B07-8493F2A0A374}
		{9F4AE099-EF8E-31EA-9EF1-0BAFAF1D2BEA} = {9F4AE099-EF8E-31EA-9EF1-0BAFAF1D2BEA}
		{E69B1565-D8E2-3D75-8353-162B5D4F6D14} = {E69B1565-D8E2-3D75-8353-162B5D4F6D14}
		{E4296D38-0F18-35CB-91FB-363277BB277C} = {E4296D38-0F18-35CB-91FB-363277BB277C}
		{0484477F-3401-3959-B175-1186E1D9DCB5} = {0484477F-3401-3959-B175-1186E1D9DCB5}
		{C162F47E-B1CC-33E3-9094-9BCEA44C6377} = {C162F47E-B1CC-33E3-9094-9BCEA44C6377}
		{9331EA08-E9BD-3F70-BE3D-AD306A7E5DFD} = {9331EA08-E9BD-3F70-BE3D-AD306A7E5DFD}
		{20479210-D76B-38A1-AA1A-2A83FA9CE139} = {20479210-D76B-38A1-AA1A-2A83FA9CE139}
		{F58F2C67-1D0E-3025-B219-5A662A7CEAEF} = {F58F2C67-1D0E-3025-B219-5A662A7CEAEF}
		{585E1D98-C24C-34B9-BE45-B27CD16DD280} = {585E1D98-C24C-34B9-BE45-B27CD16DD280}
		{F9ADA2CD-48F5-3E2A-9976-E38DCD980410} = {F9ADA2CD-48F5-3E2A-9976-E38DCD980410}
		{DF4DDFBB-2800-3278-86A7-F1EC13452F8D} = {DF4DDFBB-2800-3278-86A7-F1EC13452F8D}
	EndProjectSection
EndProject
Project("{8BC9CEB8-8B4A-11D0-8D11-00A0C91BC942}") = "litefind", "D:/liteide-Master/liteidex/src/plugins/litefind\litefind.vcxproj", "{99B88884-B373-3FDF-B652-A6FBE843F96A}"
	ProjectSection(ProjectDependencies) = postProject
		{479E0212-570E-3778-B5F1-1FA964A498C9} = {479E0212-570E-3778-B5F1-1FA964A498C9}
		{A8FC7587-28AF-396B-9DCA-23ED238A5D35} = {A8FC7587-28AF-396B-9DCA-23ED238A5D35}
		{2D4DBCEF-6055-3522-B246-2DBEBDE9B284} = {2D4DBCEF-6055-3522-B246-2DBEBDE9B284}
		{3D82E366-466D-3A0B-B28E-05D2DDE19E41} = {3D82E366-466D-3A0B-B28E-05D2DDE19E41}
	EndProjectSection
EndProject
Project("{8BC9CEB8-8B4A-11D0-8D11-00A0C91BC942}") = "litedebug", "D:/liteide-Master/liteidex/src/plugins/litedebug\litedebug.vcxproj", "{79B92AA0-F6A2-368A-9656-C3BD80B50C03}"
	ProjectSection(ProjectDependencies) = postProject
		{479E0212-570E-3778-B5F1-1FA964A498C9} = {479E0212-570E-3778-B5F1-1FA964A498C9}
		{A7203960-4A03-3C8A-A059-EAE81AD030E9} = {A7203960-4A03-3C8A-A059-EAE81AD030E9}
		{21ED6EF3-03A6-3D96-BDB3-7EB8A421E4E9} = {21ED6EF3-03A6-3D96-BDB3-7EB8A421E4E9}
		{387C6E2F-5690-372F-B40F-DB34B19E4C9F} = {387C6E2F-5690-372F-B40F-DB34B19E4C9F}
		{2D4DBCEF-6055-3522-B246-2DBEBDE9B284} = {2D4DBCEF-6055-3522-B246-2DBEBDE9B284}
		{9F4AE099-EF8E-31EA-9EF1-0BAFAF1D2BEA} = {9F4AE099-EF8E-31EA-9EF1-0BAFAF1D2BEA}
		{7B73EE5C-AFFE-3685-9A38-7045BD317EF1} = {7B73EE5C-AFFE-3685-9A38-7045BD317EF1}
	EndProjectSection
EndProject
Project("{8BC9CEB8-8B4A-11D0-8D11-00A0C91BC942}") = "litetty", "D:/liteide-Master/liteidex/src/plugins/litetty\litetty.vcxproj", "{4F4B3593-1CC7-3C47-A479-5D49A506EAA0}"
	ProjectSection(ProjectDependencies) = postProject
		{479E0212-570E-3778-B5F1-1FA964A498C9} = {479E0212-570E-3778-B5F1-1FA964A498C9}
		{A0E9139E-67DD-3C52-88E2-5212FA8B36DF} = {A0E9139E-67DD-3C52-88E2-5212FA8B36DF}
	EndProjectSection
EndProject
Project("{8BC9CEB8-8B4A-11D0-8D11-00A0C91BC942}") = "quickopen", "D:/liteide-Master/liteidex/src/plugins/quickopen\quickopen.vcxproj", "{93190BA4-8889-3016-A965-1F6A5EF8BAAD}"
	ProjectSection(ProjectDependencies) = postProject
		{479E0212-570E-3778-B5F1-1FA964A498C9} = {479E0212-570E-3778-B5F1-1FA964A498C9}
		{9C243174-72B6-3301-8ACB-2468A6F832D6} = {9C243174-72B6-3301-8ACB-2468A6F832D6}
		{387C6E2F-5690-372F-B40F-DB34B19E4C9F} = {387C6E2F-5690-372F-B40F-DB34B19E4C9F}
		{C162F47E-B1CC-33E3-9094-9BCEA44C6377} = {C162F47E-B1CC-33E3-9094-9BCEA44C6377}
		{F58F2C67-1D0E-3025-B219-5A662A7CEAEF} = {F58F2C67-1D0E-3025-B219-5A662A7CEAEF}
	EndProjectSection
EndProject
Project("{8BC9CEB8-8B4A-11D0-8D11-00A0C91BC942}") = "filebrowser", "D:/liteide-Master/liteidex/src/plugins/filebrowser\filebrowser.vcxproj", "{2B037984-DE26-341B-B870-11A9DB628B1D}"
	ProjectSection(ProjectDependencies) = postProject
		{479E0212-570E-3778-B5F1-1FA964A498C9} = {479E0212-570E-3778-B5F1-1FA964A498C9}
		{387C6E2F-5690-372F-B40F-DB34B19E4C9F} = {387C6E2F-5690-372F-B40F-DB34B19E4C9F}
		{C162F47E-B1CC-33E3-9094-9BCEA44C6377} = {C162F47E-B1CC-33E3-9094-9BCEA44C6377}
		{7B73EE5C-AFFE-3685-9A38-7045BD317EF1} = {7B73EE5C-AFFE-3685-9A38-7045BD317EF1}
		{21ED6EF3-03A6-3D96-BDB3-7EB8A421E4E9} = {21ED6EF3-03A6-3D96-BDB3-7EB8A421E4E9}
		{72BC3700-F9BA-3102-A05C-EF9E792127E1} = {72BC3700-F9BA-3102-A05C-EF9E792127E1}
	EndProjectSection
EndProject
Project("{8BC9CEB8-8B4A-11D0-8D11-00A0C91BC942}") = "golangast", "D:/liteide-Master/liteidex/src/plugins/golangast\golangast.vcxproj", "{CECDF2E6-3D88-3D3B-9909-7F49787AD1DF}"
	ProjectSection(ProjectDependencies) = postProject
		{479E0212-570E-3778-B5F1-1FA964A498C9} = {479E0212-570E-3778-B5F1-1FA964A498C9}
		{DBE711C6-1AE3-30CE-82C3-B6413B399362} = {DBE711C6-1AE3-30CE-82C3-B6413B399362}
		{9C243174-72B6-3301-8ACB-2468A6F832D6} = {9C243174-72B6-3301-8ACB-2468A6F832D6}
		{6415D758-91BC-3EA9-B9B4-7A728A1B3CB4} = {6415D758-91BC-3EA9-B9B4-7A728A1B3CB4}
		{7B73EE5C-AFFE-3685-9A38-7045BD317EF1} = {7B73EE5C-AFFE-3685-9A38-7045BD317EF1}
		{F58F2C67-1D0E-3025-B219-5A662A7CEAEF} = {F58F2C67-1D0E-3025-B219-5A662A7CEAEF}
	EndProjectSection
EndProject
Project("{8BC9CEB8-8B4A-11D0-8D11-00A0C91BC942}") = "golangedit", "D:/liteide-Master/liteidex/src/plugins/golangedit\golangedit.vcxproj", "{3F817BAE-2691-3594-A5C3-B274FD8A520E}"
	ProjectSection(ProjectDependencies) = postProject
		{479E0212-570E-3778-B5F1-1FA964A498C9} = {479E0212-570E-3778-B5F1-1FA964A498C9}
		{6415D758-91BC-3EA9-B9B4-7A728A1B3CB4} = {6415D758-91BC-3EA9-B9B4-7A728A1B3CB4}
		{A8FC7587-28AF-396B-9DCA-23ED238A5D35} = {A8FC7587-28AF-396B-9DCA-23ED238A5D35}
		{14829BAB-21BA-3F3A-A8D4-C7A574BC88AC} = {14829BAB-21BA-3F3A-A8D4-C7A574BC88AC}
		{21ED6EF3-03A6-3D96-BDB3-7EB8A421E4E9} = {21ED6EF3-03A6-3D96-BDB3-7EB8A421E4E9}
		{9C243174-72B6-3301-8ACB-2468A6F832D6} = {9C243174-72B6-3301-8ACB-2468A6F832D6}
		{1E3C9C43-2296-3D8C-8AAF-6E499D4517FB} = {1E3C9C43-2296-3D8C-8AAF-6E499D4517FB}
		{387C6E2F-5690-372F-B40F-DB34B19E4C9F} = {387C6E2F-5690-372F-B40F-DB34B19E4C9F}
		{2D4DBCEF-6055-3522-B246-2DBEBDE9B284} = {2D4DBCEF-6055-3522-B246-2DBEBDE9B284}
		{9F4AE099-EF8E-31EA-9EF1-0BAFAF1D2BEA} = {9F4AE099-EF8E-31EA-9EF1-0BAFAF1D2BEA}
		{20479210-D76B-38A1-AA1A-2A83FA9CE139} = {20479210-D76B-38A1-AA1A-2A83FA9CE139}
		{2DAC49D3-DBEC-3C14-AE8B-C436A801E422} = {2DAC49D3-DBEC-3C14-AE8B-C436A801E422}
		{F58F2C67-1D0E-3025-B219-5A662A7CEAEF} = {F58F2C67-1D0E-3025-B219-5A662A7CEAEF}
	EndProjectSection
EndProject
Project("{8BC9CEB8-8B4A-11D0-8D11-00A0C91BC942}") = "golangfmt", "D:/liteide-Master/liteidex/src/plugins/golangfmt\golangfmt.vcxproj", "{9AE3E3CF-CDDC-34FC-9BD9-319F9732D2B0}"
	ProjectSection(ProjectDependencies) = postProject
		{479E0212-570E-3778-B5F1-1FA964A498C9} = {479E0212-570E-3778-B5F1-1FA964A498C9}
		{6415D758-91BC-3EA9-B9B4-7A728A1B3CB4} = {6415D758-91BC-3EA9-B9B4-7A728A1B3CB4}
		{387C6E2F-5690-372F-B40F-DB34B19E4C9F} = {387C6E2F-5690-372F-B40F-DB34B19E4C9F}
		{1E3C9C43-2296-3D8C-8AAF-6E499D4517FB} = {1E3C9C43-2296-3D8C-8AAF-6E499D4517FB}
		{E4296D38-0F18-35CB-91FB-363277BB277C} = {E4296D38-0F18-35CB-91FB-363277BB277C}
	EndProjectSection
EndProject
Project("{8BC9CEB8-8B4A-11D0-8D11-00A0C91BC942}") = "golangcode", "D:/liteide-Master/liteidex/src/plugins/golangcode\golangcode.vcxproj", "{93C79500-1A9B-3229-B6E1-02C23AF55285}"
	ProjectSection(ProjectDependencies) = postProject
		{479E0212-570E-3778-B5F1-1FA964A498C9} = {479E0212-570E-3778-B5F1-1FA964A498C9}
		{6415D758-91BC-3EA9-B9B4-7A728A1B3CB4} = {6415D758-91BC-3EA9-B9B4-7A728A1B3CB4}
		{DBE711C6-1AE3-30CE-82C3-B6413B399362} = {DBE711C6-1AE3-30CE-82C3-B6413B399362}
		{387C6E2F-5690-372F-B40F-DB34B19E4C9F} = {387C6E2F-5690-372F-B40F-DB34B19E4C9F}
		{1E3C9C43-2296-3D8C-8AAF-6E499D4517FB} = {1E3C9C43-2296-3D8C-8AAF-6E499D4517FB}
	EndProjectSection
EndProject
Project("{8BC9CEB8-8B4A-11D0-8D11-00A0C91BC942}") = "golangdoc", "D:/liteide-Master/liteidex/src/plugins/golangdoc\golangdoc.vcxproj", "{23A5DFDA-33C6-32F1-93B2-3AA0862B85A2}"
	ProjectSection(ProjectDependencies) = postProject
		{479E0212-570E-3778-B5F1-1FA964A498C9} = {479E0212-570E-3778-B5F1-1FA964A498C9}
		{6415D758-91BC-3EA9-B9B4-7A728A1B3CB4} = {6415D758-91BC-3EA9-B9B4-7A728A1B3CB4}
		{72BC3700-F9BA-3102-A05C-EF9E792127E1} = {72BC3700-F9BA-3102-A05C-EF9E792127E1}
		{14829BAB-21BA-3F3A-A8D4-C7A574BC88AC} = {14829BAB-21BA-3F3A-A8D4-C7A574BC88AC}
		{C582BF0C-6241-3E4D-9AAA-5743349EFF63} = {C582BF0C-6241-3E4D-9AAA-5743349EFF63}
		{6FE1F1AD-3557-3343-9934-4C185C14B86D} = {6FE1F1AD-3557-3343-9934-4C185C14B86D}
		{CC127491-2644-3DFE-984F-B1AACF8540F4} = {CC127491-2644-3DFE-984F-B1AACF8540F4}
		{AD8E3C7C-0349-38D8-9AD8-40213188B662} = {AD8E3C7C-0349-38D8-9AD8-40213188B662}
		{387C6E2F-5690-372F-B40F-DB34B19E4C9F} = {387C6E2F-5690-372F-B40F-DB34B19E4C9F}
		{1E3C9C43-2296-3D8C-8AAF-6E499D4517FB} = {1E3C9C43-2296-3D8C-8AAF-6E499D4517FB}
		{832F568A-1F41-3269-8473-A95835961094} = {832F568A-1F41-3269-8473-A95835961094}
		{7537EB52-7BB3-3E38-8F5A-CED45AB97CC8} = {7537EB52-7BB3-3E38-8F5A-CED45AB97CC8}
		{F58F2C67-1D0E-3025-B219-5A662A7CEAEF} = {F58F2C67-1D0E-3025-B219-5A662A7CEAEF}
		{DF4DDFBB-2800-3278-86A7-F1EC13452F8D} = {DF4DDFBB-2800-3278-86A7-F1EC13452F8D}
		{BB838143-7EAB-38BE-982A-C36D8C51F0C7} = {BB838143-7EAB-38BE-982A-C36D8C51F0C7}
	EndProjectSection
EndProject
Project("{8BC9CEB8-8B4A-11D0-8D11-00A0C91BC942}") = "golangplay", "D:/liteide-Master/liteidex/src/plugins/golangplay\golangplay.vcxproj", "{866F07C4-18F9-38B5-9A1A-AEB0D1435814}"
	ProjectSection(ProjectDependencies) = postProject
		{479E0212-570E-3778-B5F1-1FA964A498C9} = {479E0212-570E-3778-B5F1-1FA964A498C9}
		{387C6E2F-5690-372F-B40F-DB34B19E4C9F} = {387C6E2F-5690-372F-B40F-DB34B19E4C9F}
		{2D4DBCEF-6055-3522-B246-2DBEBDE9B284} = {2D4DBCEF-6055-3522-B246-2DBEBDE9B284}
		{1E3C9C43-2296-3D8C-8AAF-6E499D4517FB} = {1E3C9C43-2296-3D8C-8AAF-6E499D4517FB}
		{9F4AE099-EF8E-31EA-9EF1-0BAFAF1D2BEA} = {9F4AE099-EF8E-31EA-9EF1-0BAFAF1D2BEA}
	EndProjectSection
EndProject
Project("{8BC9CEB8-8B4A-11D0-8D11-00A0C91BC942}") = "golangpackage", "D:/liteide-Master/liteidex/src/plugins/golangpackage\golangpackage.vcxproj", "{F1A8D125-447D-3495-85EA-0215F5C21153}"
	ProjectSection(ProjectDependencies) = postProject
		{479E0212-570E-3778-B5F1-1FA964A498C9} = {479E0212-570E-3778-B5F1-1FA964A498C9}
		{6415D758-91BC-3EA9-B9B4-7A728A1B3CB4} = {6415D758-91BC-3EA9-B9B4-7A728A1B3CB4}
		{72BC3700-F9BA-3102-A05C-EF9E792127E1} = {72BC3700-F9BA-3102-A05C-EF9E792127E1}
		{387C6E2F-5690-372F-B40F-DB34B19E4C9F} = {387C6E2F-5690-372F-B40F-DB34B19E4C9F}
		{1E3C9C43-2296-3D8C-8AAF-6E499D4517FB} = {1E3C9C43-2296-3D8C-8AAF-6E499D4517FB}
		{7B73EE5C-AFFE-3685-9A38-7045BD317EF1} = {7B73EE5C-AFFE-3685-9A38-7045BD317EF1}
		{DF4DDFBB-2800-3278-86A7-F1EC13452F8D} = {DF4DDFBB-2800-3278-86A7-F1EC13452F8D}
	EndProjectSection
EndProject
Project("{8BC9CEB8-8B4A-11D0-8D11-00A0C91BC942}") = "golangpresent", "D:/liteide-Master/liteidex/src/plugins/golangpresent\golangpresent.vcxproj", "{6EB9A6AA-E0A6-3892-85B0-8FC7224A8EC7}"
	ProjectSection(ProjectDependencies) = postProject
		{479E0212-570E-3778-B5F1-1FA964A498C9} = {479E0212-570E-3778-B5F1-1FA964A498C9}
		{E69B1565-D8E2-3D75-8353-162B5D4F6D14} = {E69B1565-D8E2-3D75-8353-162B5D4F6D14}
		{E4296D38-0F18-35CB-91FB-363277BB277C} = {E4296D38-0F18-35CB-91FB-363277BB277C}
		{0484477F-3401-3959-B175-1186E1D9DCB5} = {0484477F-3401-3959-B175-1186E1D9DCB5}
		{387C6E2F-5690-372F-B40F-DB34B19E4C9F} = {387C6E2F-5690-372F-B40F-DB34B19E4C9F}
		{1E3C9C43-2296-3D8C-8AAF-6E499D4517FB} = {1E3C9C43-2296-3D8C-8AAF-6E499D4517FB}
	EndProjectSection
EndProject
Project("{8BC9CEB8-8B4A-11D0-8D11-00A0C91BC942}") = "markdown", "D:/liteide-Master/liteidex/src/plugins/markdown\markdown.vcxproj", "{139F6B5B-D080-373F-B53A-7B8684FB990A}"
	ProjectSection(ProjectDependencies) = postProject
		{479E0212-570E-3778-B5F1-1FA964A498C9} = {479E0212-570E-3778-B5F1-1FA964A498C9}
		{AD8E3C7C-0349-38D8-9AD8-40213188B662} = {AD8E3C7C-0349-38D8-9AD8-40213188B662}
	EndProjectSection
EndProject
Project("{8BC9CEB8-8B4A-11D0-8D11-00A0C91BC942}") = "jsonedit", "D:/liteide-Master/liteidex/src/plugins/jsonedit\jsonedit.vcxproj", "{EA5BEFB3-E1E6-3DB7-9F70-6E1013A2EDA7}"
	ProjectSection(ProjectDependencies) = postProject
		{479E0212-570E-3778-B5F1-1FA964A498C9} = {479E0212-570E-3778-B5F1-1FA964A498C9}
		{DF4DDFBB-2800-3278-86A7-F1EC13452F8D} = {DF4DDFBB-2800-3278-86A7-F1EC13452F8D}
		{E69B1565-D8E2-3D75-8353-162B5D4F6D14} = {E69B1565-D8E2-3D75-8353-162B5D4F6D14}
		{E4296D38-0F18-35CB-91FB-363277BB277C} = {E4296D38-0F18-35CB-91FB-363277BB277C}
		{0484477F-3401-3959-B175-1186E1D9DCB5} = {0484477F-3401-3959-B175-1186E1D9DCB5}
	EndProjectSection
EndProject
Project("{8BC9CEB8-8B4A-11D0-8D11-00A0C91BC942}") = "rustedit", "D:/liteide-Master/liteidex/src/plugins/rustedit\rustedit.vcxproj", "{F6AEED57-43AE-3ADF-A132-B6F4102B7500}"
	ProjectSection(ProjectDependencies) = postProject
		{479E0212-570E-3778-B5F1-1FA964A498C9} = {479E0212-570E-3778-B5F1-1FA964A498C9}
		{387C6E2F-5690-372F-B40F-DB34B19E4C9F} = {387C6E2F-5690-372F-B40F-DB34B19E4C9F}
		{6415D758-91BC-3EA9-B9B4-7A728A1B3CB4} = {6415D758-91BC-3EA9-B9B4-7A728A1B3CB4}
	EndProjectSection
EndProject
Project("{8BC9CEB8-8B4A-11D0-8D11-00A0C91BC942}") = "dlvdebugger", "D:/liteide-Master/liteidex/src/plugins/dlvdebugger\dlvdebugger.vcxproj", "{F01A7531-6912-3B2A-806F-9FE4A28E32E0}"
	ProjectSection(ProjectDependencies) = postProject
		{479E0212-570E-3778-B5F1-1FA964A498C9} = {479E0212-570E-3778-B5F1-1FA964A498C9}
		{A7203960-4A03-3C8A-A059-EAE81AD030E9} = {A7203960-4A03-3C8A-A059-EAE81AD030E9}
		{387C6E2F-5690-372F-B40F-DB34B19E4C9F} = {387C6E2F-5690-372F-B40F-DB34B19E4C9F}
		{1E3C9C43-2296-3D8C-8AAF-6E499D4517FB} = {1E3C9C43-2296-3D8C-8AAF-6E499D4517FB}
		{AFD8B819-6C10-3BEC-8530-51EBAC7F2F99} = {AFD8B819-6C10-3BEC-8530-51EBAC7F2F99}
		{E29ABCEE-3A95-3586-9E22-64209D8A2D70} = {E29ABCEE-3A95-3586-9E22-64209D8A2D70}
		{AD88003A-19E0-3DA7-9FD5-A2461E95F87F} = {AD88003A-19E0-3DA7-9FD5-A2461E95F87F}
	EndProjectSection
EndProject
Project("{8BC9CEB8-8B4A-11D0-8D11-00A0C91BC942}") = "fakevimedit", "D:/liteide-Master/liteidex/src/plugins/fakevimedit\fakevimedit.vcxproj", "{A7B7543A-1E77-3D5F-A29D-4C7039DAA278}"
	ProjectSection(ProjectDependencies) = postProject
		{479E0212-570E-3778-B5F1-1FA964A498C9} = {479E0212-570E-3778-B5F1-1FA964A498C9}
		{A8FC7587-28AF-396B-9DCA-23ED238A5D35} = {A8FC7587-28AF-396B-9DCA-23ED238A5D35}
		{14829BAB-21BA-3F3A-A8D4-C7A574BC88AC} = {14829BAB-21BA-3F3A-A8D4-C7A574BC88AC}
	EndProjectSection
EndProject
Project("{8BC9CEB8-8B4A-11D0-8D11-00A0C91BC942}") = "bookmarks", "D:/liteide-Master/liteidex/src/plugins/bookmarks\bookmarks.vcxproj", "{0358740B-CDAC-3BB7-9519-FE02F636ED2E}"
	ProjectSection(ProjectDependencies) = postProject
		{479E0212-570E-3778-B5F1-1FA964A498C9} = {479E0212-570E-3778-B5F1-1FA964A498C9}
		{14829BAB-21BA-3F3A-A8D4-C7A574BC88AC} = {14829BAB-21BA-3F3A-A8D4-C7A574BC88AC}
		{7B73EE5C-AFFE-3685-9A38-7045BD317EF1} = {7B73EE5C-AFFE-3685-9A38-7045BD317EF1}
	EndProjectSection
EndProject
Project("{8BC9CEB8-8B4A-11D0-8D11-00A0C91BC942}") = "imageeditor", "D:/liteide-Master/liteidex/src/plugins/imageeditor\imageeditor.vcxproj", "{BEBD8FD1-4B45-3102-8FCE-44714F2AE463}"
	ProjectSection(ProjectDependencies) = postProject
		{479E0212-570E-3778-B5F1-1FA964A498C9} = {479E0212-570E-3778-B5F1-1FA964A498C9}
		{CA42BE12-0583-3969-9B07-8493F2A0A374} = {CA42BE12-0583-3969-9B07-8493F2A0A374}
		{9331EA08-E9BD-3F70-BE3D-AD306A7E5DFD} = {9331EA08-E9BD-3F70-BE3D-AD306A7E5DFD}
	EndProjectSection
EndProject
Project("{8BC9CEB8-8B4A-11D0-8D11-00A0C91BC942}") = "terminal", "D:/liteide-Master/liteidex/src/plugins/terminal\terminal.vcxproj", "{D044515F-E2D1-3506-896C-70795B3AE4D8}"
	ProjectSection(ProjectDependencies) = postProject
		{479E0212-570E-3778-B5F1-1FA964A498C9} = {479E0212-570E-3778-B5F1-1FA964A498C9}
		{AD19C87C-2EF4-3972-93D5-484B25A56851} = {AD19C87C-2EF4-3972-93D5-484B25A56851}
		{E96873D4-A220-340C-B106-94DC19663C2E} = {E96873D4-A220-340C-B106-94DC19663C2E}
		{070D8B42-5EFF-3BD6-BE9F-1B2E60057B9B} = {070D8B42-5EFF-3BD6-BE9F-1B2E60057B9B}
		{33552439-7CDD-3F68-8B73-BC63CBE838D6} = {33552439-7CDD-3F68-8B73-BC63CBE838D6}
		{C2D43894-8A8F-3821-BE7D-012DB4FCCBC9} = {C2D43894-8A8F-3821-BE7D-012DB4FCCBC9}
	EndProjectSection
EndProject
Project("{8BC9CEB8-8B4A-11D0-8D11-00A0C91BC942}") = "liteide", "D:/liteide-Master/liteidex/src/liteide\liteide.vcxproj", "{EA90761A-0214-380E-A044-98476309FE7E}"
	ProjectSection(ProjectDependencies) = postProject
		{A3D6A537-B9D7-344A-90CA-21BD08FAA06E} = {A3D6A537-B9D7-344A-90CA-21BD08FAA06E}
	EndProjectSection
EndProject
Project("{8BC9CEB8-8B4A-11D0-8D11-00A0C91BC942}") = "liteide_ctrlc_stub", "D:/liteide-Master/liteidex/src/tools/liteide_ctrlc_stub\liteide_ctrlc_stub.vcxproj", "{EB012F9D-CE9B-3356-B15C-255E363D4DE6}"
EndProject
Global
	GlobalSection(SolutionConfigurationPlatforms) = preSolution
		Debug|x64 = Debug|x64
		Release|x64 = Release|x64
	EndGlobalSection
	GlobalSection(ProjectConfigurationPlatforms) = postSolution
		{479E0212-570E-3778-B5F1-1FA964A498C9}.Debug|x64.ActiveCfg = Debug|x64
		{479E0212-570E-3778-B5F1-1FA964A498C9}.Debug|x64.Build.0 = Debug|x64
		{479E0212-570E-3778-B5F1-1FA964A498C9}.Release|x64.ActiveCfg = Release|x64
		{479E0212-570E-3778-B5F1-1FA964A498C9}.Release|x64.Build.0 = Release|x64
		{6415D758-91BC-3EA9-B9B4-7A728A1B3CB4}.Debug|x64.ActiveCfg = Debug|x64
		{6415D758-91BC-3EA9-B9B4-7A728A1B3CB4}.Debug|x64.Build.0 = Debug|x64
		{6415D758-91BC-3EA9-B9B4-7A728A1B3CB4}.Release|x64.ActiveCfg = Release|x64
		{6415D758-91BC-3EA9-B9B4-7A728A1B3CB4}.Release|x64.Build.0 = Release|x64
		{A8FC7587-28AF-396B-9DCA-23ED238A5D35}.Debug|x64.ActiveCfg = Debug|x64
		{A8FC7587-28AF-396B-9DCA-23ED238A5D35}.Debug|x64.Build.0 = Debug|x64
		{A8FC7587-28AF-396B-9DCA-23ED238A5D35}.Release|x64.ActiveCfg = Release|x64
		{A8FC7587-28AF-396B-9DCA-23ED238A5D35}.Release|x64.Build.0 = Release|x64
		{21ED6EF3-03A6-3D96-BDB3-7EB8A421E4E9}.Debug|x64.ActiveCfg = Debug|x64
		{21ED6EF3-03A6-3D96-BDB3-7EB8A421E4E9}.Debug|x64.Build.0 = Debug|x64
		{21ED6EF3-03A6-3D96-BDB3-7EB8A421E4E9}.Release|x64.ActiveCfg = Release|x64
		{21ED6EF3-03A6-3D96-BDB3-7EB8A421E4E9}.Release|x64.Build.0 = Release|x64
		{14829BAB-21BA-3F3A-A8D4-C7A574BC88AC}.Debug|x64.ActiveCfg = Debug|x64
		{14829BAB-21BA-3F3A-A8D4-C7A574BC88AC}.Debug|x64.Build.0 = Debug|x64
		{14829BAB-21BA-3F3A-A8D4-C7A574BC88AC}.Release|x64.ActiveCfg = Release|x64
		{14829BAB-21BA-3F3A-A8D4-C7A574BC88AC}.Release|x64.Build.0 = Release|x64
		{A7203960-4A03-3C8A-A059-EAE81AD030E9}.Debug|x64.ActiveCfg = Debug|x64
		{A7203960-4A03-3C8A-A059-EAE81AD030E9}.Debug|x64.Build.0 = Debug|x64
		{A7203960-4A03-3C8A-A059-EAE81AD030E9}.Release|x64.ActiveCfg = Release|x64
		{A7203960-4A03-3C8A-A059-EAE81AD030E9}.Release|x64.Build.0 = Release|x64
		{A0E9139E-67DD-3C52-88E2-5212FA8B36DF}.Debug|x64.ActiveCfg = Debug|x64
		{A0E9139E-67DD-3C52-88E2-5212FA8B36DF}.Debug|x64.Build.0 = Debug|x64
		{A0E9139E-67DD-3C52-88E2-5212FA8B36DF}.Release|x64.ActiveCfg = Release|x64
		{A0E9139E-67DD-3C52-88E2-5212FA8B36DF}.Release|x64.Build.0 = Release|x64
		{CC127491-2644-3DFE-984F-B1AACF8540F4}.Debug|x64.ActiveCfg = Debug|x64
		{CC127491-2644-3DFE-984F-B1AACF8540F4}.Debug|x64.Build.0 = Debug|x64
		{CC127491-2644-3DFE-984F-B1AACF8540F4}.Release|x64.ActiveCfg = Release|x64
		{CC127491-2644-3DFE-984F-B1AACF8540F4}.Release|x64.Build.0 = Release|x64
		{72BC3700-F9BA-3102-A05C-EF9E792127E1}.Debug|x64.ActiveCfg = Debug|x64
		{72BC3700-F9BA-3102-A05C-EF9E792127E1}.Debug|x64.Build.0 = Debug|x64
		{72BC3700-F9BA-3102-A05C-EF9E792127E1}.Release|x64.ActiveCfg = Release|x64
		{72BC3700-F9BA-3102-A05C-EF9E792127E1}.Release|x64.Build.0 = Release|x64
		{DBE711C6-1AE3-30CE-82C3-B6413B399362}.Debug|x64.ActiveCfg = Debug|x64
		{DBE711C6-1AE3-30CE-82C3-B6413B399362}.Debug|x64.Build.0 = Debug|x64
		{DBE711C6-1AE3-30CE-82C3-B6413B399362}.Release|x64.ActiveCfg = Release|x64
		{DBE711C6-1AE3-30CE-82C3-B6413B399362}.Release|x64.Build.0 = Release|x64
		{9C243174-72B6-3301-8ACB-2468A6F832D6}.Debug|x64.ActiveCfg = Debug|x64
		{9C243174-72B6-3301-8ACB-2468A6F832D6}.Debug|x64.Build.0 = Debug|x64
		{9C243174-72B6-3301-8ACB-2468A6F832D6}.Release|x64.ActiveCfg = Release|x64
		{9C243174-72B6-3301-8ACB-2468A6F832D6}.Release|x64.Build.0 = Release|x64
		{AD19C87C-2EF4-3972-93D5-484B25A56851}.Debug|x64.ActiveCfg = Debug|x64
		{AD19C87C-2EF4-3972-93D5-484B25A56851}.Debug|x64.Build.0 = Debug|x64
		{AD19C87C-2EF4-3972-93D5-484B25A56851}.Release|x64.ActiveCfg = Release|x64
		{AD19C87C-2EF4-3972-93D5-484B25A56851}.Release|x64.Build.0 = Release|x64
		{585E1D98-C24C-34B9-BE45-B27CD16DD280}.Debug|x64.ActiveCfg = Debug|x64
		{585E1D98-C24C-34B9-BE45-B27CD16DD280}.Debug|x64.Build.0 = Debug|x64
		{585E1D98-C24C-34B9-BE45-B27CD16DD280}.Release|x64.ActiveCfg = Release|x64
		{585E1D98-C24C-34B9-BE45-B27CD16DD280}.Release|x64.Build.0 = Release|x64
		{20479210-D76B-38A1-AA1A-2A83FA9CE139}.Debug|x64.ActiveCfg = Debug|x64
		{20479210-D76B-38A1-AA1A-2A83FA9CE139}.Debug|x64.Build.0 = Debug|x64
		{20479210-D76B-38A1-AA1A-2A83FA9CE139}.Release|x64.ActiveCfg = Release|x64
		{20479210-D76B-38A1-AA1A-2A83FA9CE139}.Release|x64.Build.0 = Release|x64
		{AFD8B819-6C10-3BEC-8530-51EBAC7F2F99}.Debug|x64.ActiveCfg = Debug|x64
		{AFD8B819-6C10-3BEC-8530-51EBAC7F2F99}.Debug|x64.Build.0 = Debug|x64
		{AFD8B819-6C10-3BEC-8530-51EBAC7F2F99}.Release|x64.ActiveCfg = Release|x64
		{AFD8B819-6C10-3BEC-8530-51EBAC7F2F99}.Release|x64.Build.0 = Release|x64
		{F58F2C67-1D0E-3025-B219-5A662A7CEAEF}.Debug|x64.ActiveCfg = Debug|x64
		{F58F2C67-1D0E-3025-B219-5A662A7CEAEF}.Debug|x64.Build.0 = Debug|x64
		{F58F2C67-1D0E-3025-B219-5A662A7CEAEF}.Release|x64.ActiveCfg = Release|x64
		{F58F2C67-1D0E-3025-B219-5A662A7CEAEF}.Release|x64.Build.0 = Release|x64
		{3D82E366-466D-3A0B-B28E-05D2DDE19E41}.Debug|x64.ActiveCfg = Debug|x64
		{3D82E366-466D-3A0B-B28E-05D2DDE19E41}.Debug|x64.Build.0 = Debug|x64
		{3D82E366-466D-3A0B-B28E-05D2DDE19E41}.Release|x64.ActiveCfg = Release|x64
		{3D82E366-466D-3A0B-B28E-05D2DDE19E41}.Release|x64.Build.0 = Release|x64
		{567E723D-DB52-39F3-BE08-72EF57EFCBF2}.Debug|x64.ActiveCfg = Debug|x64
		{567E723D-DB52-39F3-BE08-72EF57EFCBF2}.Debug|x64.Build.0 = Debug|x64
		{567E723D-DB52-39F3-BE08-72EF57EFCBF2}.Release|x64.ActiveCfg = Release|x64
		{567E723D-DB52-39F3-BE08-72EF57EFCBF2}.Release|x64.Build.0 = Release|x64
		{BB838143-7EAB-38BE-982A-C36D8C51F0C7}.Debug|x64.ActiveCfg = Debug|x64
		{BB838143-7EAB-38BE-982A-C36D8C51F0C7}.Debug|x64.Build.0 = Debug|x64
		{BB838143-7EAB-38BE-982A-C36D8C51F0C7}.Release|x64.ActiveCfg = Release|x64
		{BB838143-7EAB-38BE-982A-C36D8C51F0C7}.Release|x64.Build.0 = Release|x64
		{DF4DDFBB-2800-3278-86A7-F1EC13452F8D}.Debug|x64.ActiveCfg = Debug|x64
		{DF4DDFBB-2800-3278-86A7-F1EC13452F8D}.Debug|x64.Build.0 = Debug|x64
		{DF4DDFBB-2800-3278-86A7-F1EC13452F8D}.Release|x64.ActiveCfg = Release|x64
		{DF4DDFBB-2800-3278-86A7-F1EC13452F8D}.Release|x64.Build.0 = Release|x64
		{F9ADA2CD-48F5-3E2A-9976-E38DCD980410}.Debug|x64.ActiveCfg = Debug|x64
		{F9ADA2CD-48F5-3E2A-9976-E38DCD980410}.Debug|x64.Build.0 = Debug|x64
		{F9ADA2CD-48F5-3E2A-9976-E38DCD980410}.Release|x64.ActiveCfg = Release|x64
		{F9ADA2CD-48F5-3E2A-9976-E38DCD980410}.Release|x64.Build.0 = Release|x64
		{2DAC49D3-DBEC-3C14-AE8B-C436A801E422}.Debug|x64.ActiveCfg = Debug|x64
		{2DAC49D3-DBEC-3C14-AE8B-C436A801E422}.Debug|x64.Build.0 = Debug|x64
		{2DAC49D3-DBEC-3C14-AE8B-C436A801E422}.Release|x64.ActiveCfg = Release|x64
		{2DAC49D3-DBEC-3C14-AE8B-C436A801E422}.Release|x64.Build.0 = Release|x64
		{749EFB2D-020B-3163-871E-B5D150C1C5F9}.Debug|x64.ActiveCfg = Debug|x64
		{749EFB2D-020B-3163-871E-B5D150C1C5F9}.Debug|x64.Build.0 = Debug|x64
		{749EFB2D-020B-3163-871E-B5D150C1C5F9}.Release|x64.ActiveCfg = Release|x64
		{749EFB2D-020B-3163-871E-B5D150C1C5F9}.Release|x64.Build.0 = Release|x64
		{E4296D38-0F18-35CB-91FB-363277BB277C}.Debug|x64.ActiveCfg = Debug|x64
		{E4296D38-0F18-35CB-91FB-363277BB277C}.Debug|x64.Build.0 = Debug|x64
		{E4296D38-0F18-35CB-91FB-363277BB277C}.Release|x64.ActiveCfg = Release|x64
		{E4296D38-0F18-35CB-91FB-363277BB277C}.Release|x64.Build.0 = Release|x64
		{AD88003A-19E0-3DA7-9FD5-A2461E95F87F}.Debug|x64.ActiveCfg = Debug|x64
		{AD88003A-19E0-3DA7-9FD5-A2461E95F87F}.Debug|x64.Build.0 = Debug|x64
		{AD88003A-19E0-3DA7-9FD5-A2461E95F87F}.Release|x64.ActiveCfg = Release|x64
		{AD88003A-19E0-3DA7-9FD5-A2461E95F87F}.Release|x64.Build.0 = Release|x64
		{0484477F-3401-3959-B175-1186E1D9DCB5}.Debug|x64.ActiveCfg = Debug|x64
		{0484477F-3401-3959-B175-1186E1D9DCB5}.Debug|x64.Build.0 = Debug|x64
		{0484477F-3401-3959-B175-1186E1D9DCB5}.Release|x64.ActiveCfg = Release|x64
		{0484477F-3401-3959-B175-1186E1D9DCB5}.Release|x64.Build.0 = Release|x64
		{AD8E3C7C-0349-38D8-9AD8-40213188B662}.Debug|x64.ActiveCfg = Debug|x64
		{AD8E3C7C-0349-38D8-9AD8-40213188B662}.Debug|x64.Build.0 = Debug|x64
		{AD8E3C7C-0349-38D8-9AD8-40213188B662}.Release|x64.ActiveCfg = Release|x64
		{AD8E3C7C-0349-38D8-9AD8-40213188B662}.Release|x64.Build.0 = Release|x64
		{070D8B42-5EFF-3BD6-BE9F-1B2E60057B9B}.Debug|x64.ActiveCfg = Debug|x64
		{070D8B42-5EFF-3BD6-BE9F-1B2E60057B9B}.Debug|x64.Build.0 = Debug|x64
		{070D8B42-5EFF-3BD6-BE9F-1B2E60057B9B}.Release|x64.ActiveCfg = Release|x64
		{070D8B42-5EFF-3BD6-BE9F-1B2E60057B9B}.Release|x64.Build.0 = Release|x64
		{33552439-7CDD-3F68-8B73-BC63CBE838D6}.Debug|x64.ActiveCfg = Debug|x64
		{33552439-7CDD-3F68-8B73-BC63CBE838D6}.Debug|x64.Build.0 = Debug|x64
		{33552439-7CDD-3F68-8B73-BC63CBE838D6}.Release|x64.ActiveCfg = Release|x64
		{33552439-7CDD-3F68-8B73-BC63CBE838D6}.Release|x64.Build.0 = Release|x64
		{387C6E2F-5690-372F-B40F-DB34B19E4C9F}.Debug|x64.ActiveCfg = Debug|x64
		{387C6E2F-5690-372F-B40F-DB34B19E4C9F}.Debug|x64.Build.0 = Debug|x64
		{387C6E2F-5690-372F-B40F-DB34B19E4C9F}.Release|x64.ActiveCfg = Release|x64
		{387C6E2F-5690-372F-B40F-DB34B19E4C9F}.Release|x64.Build.0 = Release|x64
		{CA42BE12-0583-3969-9B07-8493F2A0A374}.Debug|x64.ActiveCfg = Debug|x64
		{CA42BE12-0583-3969-9B07-8493F2A0A374}.Debug|x64.Build.0 = Debug|x64
		{CA42BE12-0583-3969-9B07-8493F2A0A374}.Release|x64.ActiveCfg = Release|x64
		{CA42BE12-0583-3969-9B07-8493F2A0A374}.Release|x64.Build.0 = Release|x64
		{6FE1F1AD-3557-3343-9934-4C185C14B86D}.Debug|x64.ActiveCfg = Debug|x64
		{6FE1F1AD-3557-3343-9934-4C185C14B86D}.Debug|x64.Build.0 = Debug|x64
		{6FE1F1AD-3557-3343-9934-4C185C14B86D}.Release|x64.ActiveCfg = Release|x64
		{6FE1F1AD-3557-3343-9934-4C185C14B86D}.Release|x64.Build.0 = Release|x64
		{2D4DBCEF-6055-3522-B246-2DBEBDE9B284}.Debug|x64.ActiveCfg = Debug|x64
		{2D4DBCEF-6055-3522-B246-2DBEBDE9B284}.Debug|x64.Build.0 = Debug|x64
		{2D4DBCEF-6055-3522-B246-2DBEBDE9B284}.Release|x64.ActiveCfg = Release|x64
		{2D4DBCEF-6055-3522-B246-2DBEBDE9B284}.Release|x64.Build.0 = Release|x64
		{7B73EE5C-AFFE-3685-9A38-7045BD317EF1}.Debug|x64.ActiveCfg = Debug|x64
		{7B73EE5C-AFFE-3685-9A38-7045BD317EF1}.Debug|x64.Build.0 = Debug|x64
		{7B73EE5C-AFFE-3685-9A38-7045BD317EF1}.Release|x64.ActiveCfg = Release|x64
		{7B73EE5C-AFFE-3685-9A38-7045BD317EF1}.Release|x64.Build.0 = Release|x64
		{B58F850C-B13E-3C78-8DFB-2D5B13067823}.Debug|x64.ActiveCfg = Debug|x64
		{B58F850C-B13E-3C78-8DFB-2D5B13067823}.Debug|x64.Build.0 = Debug|x64
		{B58F850C-B13E-3C78-8DFB-2D5B13067823}.Release|x64.ActiveCfg = Release|x64
		{B58F850C-B13E-3C78-8DFB-2D5B13067823}.Release|x64.Build.0 = Release|x64
		{1E3C9C43-2296-3D8C-8AAF-6E499D4517FB}.Debug|x64.ActiveCfg = Debug|x64
		{1E3C9C43-2296-3D8C-8AAF-6E499D4517FB}.Debug|x64.Build.0 = Debug|x64
		{1E3C9C43-2296-3D8C-8AAF-6E499D4517FB}.Release|x64.ActiveCfg = Release|x64
		{1E3C9C43-2296-3D8C-8AAF-6E499D4517FB}.Release|x64.Build.0 = Release|x64
		{9F4AE099-EF8E-31EA-9EF1-0BAFAF1D2BEA}.Debug|x64.ActiveCfg = Debug|x64
		{9F4AE099-EF8E-31EA-9EF1-0BAFAF1D2BEA}.Debug|x64.Build.0 = Debug|x64
		{9F4AE099-EF8E-31EA-9EF1-0BAFAF1D2BEA}.Release|x64.ActiveCfg = Release|x64
		{9F4AE099-EF8E-31EA-9EF1-0BAFAF1D2BEA}.Release|x64.Build.0 = Release|x64
		{C582BF0C-6241-3E4D-9AAA-5743349EFF63}.Debug|x64.ActiveCfg = Debug|x64
		{C582BF0C-6241-3E4D-9AAA-5743349EFF63}.Debug|x64.Build.0 = Debug|x64
		{C582BF0C-6241-3E4D-9AAA-5743349EFF63}.Release|x64.ActiveCfg = Release|x64
		{C582BF0C-6241-3E4D-9AAA-5743349EFF63}.Release|x64.Build.0 = Release|x64
		{832F568A-1F41-3269-8473-A95835961094}.Debug|x64.ActiveCfg = Debug|x64
		{832F568A-1F41-3269-8473-A95835961094}.Debug|x64.Build.0 = Debug|x64
		{832F568A-1F41-3269-8473-A95835961094}.Release|x64.ActiveCfg = Release|x64
		{832F568A-1F41-3269-8473-A95835961094}.Release|x64.Build.0 = Release|x64
		{7537EB52-7BB3-3E38-8F5A-CED45AB97CC8}.Debug|x64.ActiveCfg = Debug|x64
		{7537EB52-7BB3-3E38-8F5A-CED45AB97CC8}.Debug|x64.Build.0 = Debug|x64
		{7537EB52-7BB3-3E38-8F5A-CED45AB97CC8}.Release|x64.ActiveCfg = Release|x64
		{7537EB52-7BB3-3E38-8F5A-CED45AB97CC8}.Release|x64.Build.0 = Release|x64
		{5403CEDF-81D7-32A9-84F9-D20A8E2F47BE}.Debug|x64.ActiveCfg = Debug|x64
		{5403CEDF-81D7-32A9-84F9-D20A8E2F47BE}.Debug|x64.Build.0 = Debug|x64
		{5403CEDF-81D7-32A9-84F9-D20A8E2F47BE}.Release|x64.ActiveCfg = Release|x64
		{5403CEDF-81D7-32A9-84F9-D20A8E2F47BE}.Release|x64.Build.0 = Release|x64
		{E69B1565-D8E2-3D75-8353-162B5D4F6D14}.Debug|x64.ActiveCfg = Debug|x64
		{E69B1565-D8E2-3D75-8353-162B5D4F6D14}.Debug|x64.Build.0 = Debug|x64
		{E69B1565-D8E2-3D75-8353-162B5D4F6D14}.Release|x64.ActiveCfg = Release|x64
		{E69B1565-D8E2-3D75-8353-162B5D4F6D14}.Release|x64.Build.0 = Release|x64
		{C162F47E-B1CC-33E3-9094-9BCEA44C6377}.Debug|x64.ActiveCfg = Debug|x64
		{C162F47E-B1CC-33E3-9094-9BCEA44C6377}.Debug|x64.Build.0 = Debug|x64
		{C162F47E-B1CC-33E3-9094-9BCEA44C6377}.Release|x64.ActiveCfg = Release|x64
		{C162F47E-B1CC-33E3-9094-9BCEA44C6377}.Release|x64.Build.0 = Release|x64
		{4BBF87D5-C1EE-3638-8C23-0D719CFB4E44}.Debug|x64.ActiveCfg = Debug|x64
		{4BBF87D5-C1EE-3638-8C23-0D719CFB4E44}.Debug|x64.Build.0 = Debug|x64
		{4BBF87D5-C1EE-3638-8C23-0D719CFB4E44}.Release|x64.ActiveCfg = Release|x64
		{4BBF87D5-C1EE-3638-8C23-0D719CFB4E44}.Release|x64.Build.0 = Release|x64
		{E29ABCEE-3A95-3586-9E22-64209D8A2D70}.Debug|x64.ActiveCfg = Debug|x64
		{E29ABCEE-3A95-3586-9E22-64209D8A2D70}.Debug|x64.Build.0 = Debug|x64
		{E29ABCEE-3A95-3586-9E22-64209D8A2D70}.Release|x64.ActiveCfg = Release|x64
		{E29ABCEE-3A95-3586-9E22-64209D8A2D70}.Release|x64.Build.0 = Release|x64
		{9331EA08-E9BD-3F70-BE3D-AD306A7E5DFD}.Debug|x64.ActiveCfg = Debug|x64
		{9331EA08-E9BD-3F70-BE3D-AD306A7E5DFD}.Debug|x64.Build.0 = Debug|x64
		{9331EA08-E9BD-3F70-BE3D-AD306A7E5DFD}.Release|x64.ActiveCfg = Release|x64
		{9331EA08-E9BD-3F70-BE3D-AD306A7E5DFD}.Release|x64.Build.0 = Release|x64
		{C2D43894-8A8F-3821-BE7D-012DB4FCCBC9}.Debug|x64.ActiveCfg = Debug|x64
		{C2D43894-8A8F-3821-BE7D-012DB4FCCBC9}.Debug|x64.Build.0 = Debug|x64
		{C2D43894-8A8F-3821-BE7D-012DB4FCCBC9}.Release|x64.ActiveCfg = Release|x64
		{C2D43894-8A8F-3821-BE7D-012DB4FCCBC9}.Release|x64.Build.0 = Release|x64
		{E96873D4-A220-340C-B106-94DC19663C2E}.Debug|x64.ActiveCfg = Debug|x64
		{E96873D4-A220-340C-B106-94DC19663C2E}.Debug|x64.Build.0 = Debug|x64
		{E96873D4-A220-340C-B106-94DC19663C2E}.Release|x64.ActiveCfg = Release|x64
		{E96873D4-A220-340C-B106-94DC19663C2E}.Release|x64.Build.0 = Release|x64
		{A3D6A537-B9D7-344A-90CA-21BD08FAA06E}.Debug|x64.ActiveCfg = Debug|x64
		{A3D6A537-B9D7-344A-90CA-21BD08FAA06E}.Debug|x64.Build.0 = Debug|x64
		{A3D6A537-B9D7-344A-90CA-21BD08FAA06E}.Release|x64.ActiveCfg = Release|x64
		{A3D6A537-B9D7-344A-90CA-21BD08FAA06E}.Release|x64.Build.0 = Release|x64
		{F80F9CC1-FE02-39C4-881E-4F1AF76EB776}.Debug|x64.ActiveCfg = Debug|x64
		{F80F9CC1-FE02-39C4-881E-4F1AF76EB776}.Debug|x64.Build.0 = Debug|x64
		{F80F9CC1-FE02-39C4-881E-4F1AF76EB776}.Release|x64.ActiveCfg = Release|x64
		{F80F9CC1-FE02-39C4-881E-4F1AF76EB776}.Release|x64.Build.0 = Release|x64
		{8B67BEDE-D6FB-3E31-A516-DD0169699DE0}.Debug|x64.ActiveCfg = Debug|x64
		{8B67BEDE-D6FB-3E31-A516-DD0169699DE0}.Debug|x64.Build.0 = Debug|x64
		{8B67BEDE-D6FB-3E31-A516-DD0169699DE0}.Release|x64.ActiveCfg = Release|x64
		{8B67BEDE-D6FB-3E31-A516-DD0169699DE0}.Release|x64.Build.0 = Release|x64
		{B4C6818F-3C85-3B56-944F-0DB356130EBE}.Debug|x64.ActiveCfg = Debug|x64
		{B4C6818F-3C85-3B56-944F-0DB356130EBE}.Debug|x64.Build.0 = Debug|x64
		{B4C6818F-3C85-3B56-944F-0DB356130EBE}.Release|x64.ActiveCfg = Release|x64
		{B4C6818F-3C85-3B56-944F-0DB356130EBE}.Release|x64.Build.0 = Release|x64
		{022F0D73-1851-3FB9-B36A-FDB81DB5B8CC}.Debug|x64.ActiveCfg = Debug|x64
		{022F0D73-1851-3FB9-B36A-FDB81DB5B8CC}.Debug|x64.Build.0 = Debug|x64
		{022F0D73-1851-3FB9-B36A-FDB81DB5B8CC}.Release|x64.ActiveCfg = Release|x64
		{022F0D73-1851-3FB9-B36A-FDB81DB5B8CC}.Release|x64.Build.0 = Release|x64
		{99B88884-B373-3FDF-B652-A6FBE843F96A}.Debug|x64.ActiveCfg = Debug|x64
		{99B88884-B373-3FDF-B652-A6FBE843F96A}.Debug|x64.Build.0 = Debug|x64
		{99B88884-B373-3FDF-B652-A6FBE843F96A}.Release|x64.ActiveCfg = Release|x64
		{99B88884-B373-3FDF-B652-A6FBE843F96A}.Release|x64.Build.0 = Release|x64
		{79B92AA0-F6A2-368A-9656-C3BD80B50C03}.Debug|x64.ActiveCfg = Debug|x64
		{79B92AA0-F6A2-368A-9656-C3BD80B50C03}.Debug|x64.Build.0 = Debug|x64
		{79B92AA0-F6A2-368A-9656-C3BD80B50C03}.Release|x64.ActiveCfg = Release|x64
		{79B92AA0-F6A2-368A-9656-C3BD80B50C03}.Release|x64.Build.0 = Release|x64
		{4F4B3593-1CC7-3C47-A479-5D49A506EAA0}.Debug|x64.ActiveCfg = Debug|x64
		{4F4B3593-1CC7-3C47-A479-5D49A506EAA0}.Debug|x64.Build.0 = Debug|x64
		{4F4B3593-1CC7-3C47-A479-5D49A506EAA0}.Release|x64.ActiveCfg = Release|x64
		{4F4B3593-1CC7-3C47-A479-5D49A506EAA0}.Release|x64.Build.0 = Release|x64
		{93190BA4-8889-3016-A965-1F6A5EF8BAAD}.Debug|x64.ActiveCfg = Debug|x64
		{93190BA4-8889-3016-A965-1F6A5EF8BAAD}.Debug|x64.Build.0 = Debug|x64
		{93190BA4-8889-3016-A965-1F6A5EF8BAAD}.Release|x64.ActiveCfg = Release|x64
		{93190BA4-8889-3016-A965-1F6A5EF8BAAD}.Release|x64.Build.0 = Release|x64
		{2B037984-DE26-341B-B870-11A9DB628B1D}.Debug|x64.ActiveCfg = Debug|x64
		{2B037984-DE26-341B-B870-11A9DB628B1D}.Debug|x64.Build.0 = Debug|x64
		{2B037984-DE26-341B-B870-11A9DB628B1D}.Release|x64.ActiveCfg = Release|x64
		{2B037984-DE26-341B-B870-11A9DB628B1D}.Release|x64.Build.0 = Release|x64
		{CECDF2E6-3D88-3D3B-9909-7F49787AD1DF}.Debug|x64.ActiveCfg = Debug|x64
		{CECDF2E6-3D88-3D3B-9909-7F49787AD1DF}.Debug|x64.Build.0 = Debug|x64
		{CECDF2E6-3D88-3D3B-9909-7F49787AD1DF}.Release|x64.ActiveCfg = Release|x64
		{CECDF2E6-3D88-3D3B-9909-7F49787AD1DF}.Release|x64.Build.0 = Release|x64
		{3F817BAE-2691-3594-A5C3-B274FD8A520E}.Debug|x64.ActiveCfg = Debug|x64
		{3F817BAE-2691-3594-A5C3-B274FD8A520E}.Debug|x64.Build.0 = Debug|x64
		{3F817BAE-2691-3594-A5C3-B274FD8A520E}.Release|x64.ActiveCfg = Release|x64
		{3F817BAE-2691-3594-A5C3-B274FD8A520E}.Release|x64.Build.0 = Release|x64
		{9AE3E3CF-CDDC-34FC-9BD9-319F9732D2B0}.Debug|x64.ActiveCfg = Debug|x64
		{9AE3E3CF-CDDC-34FC-9BD9-319F9732D2B0}.Debug|x64.Build.0 = Debug|x64
		{9AE3E3CF-CDDC-34FC-9BD9-319F9732D2B0}.Release|x64.ActiveCfg = Release|x64
		{9AE3E3CF-CDDC-34FC-9BD9-319F9732D2B0}.Release|x64.Build.0 = Release|x64
		{93C79500-1A9B-3229-B6E1-02C23AF55285}.Debug|x64.ActiveCfg = Debug|x64
		{93C79500-1A9B-3229-B6E1-02C23AF55285}.Debug|x64.Build.0 = Debug|x64
		{93C79500-1A9B-3229-B6E1-02C23AF55285}.Release|x64.ActiveCfg = Release|x64
		{93C79500-1A9B-3229-B6E1-02C23AF55285}.Release|x64.Build.0 = Release|x64
		{23A5DFDA-33C6-32F1-93B2-3AA0862B85A2}.Debug|x64.ActiveCfg = Debug|x64
		{23A5DFDA-33C6-32F1-93B2-3AA0862B85A2}.Debug|x64.Build.0 = Debug|x64
		{23A5DFDA-33C6-32F1-93B2-3AA0862B85A2}.Release|x64.ActiveCfg = Release|x64
		{23A5DFDA-33C6-32F1-93B2-3AA0862B85A2}.Release|x64.Build.0 = Release|x64
		{866F07C4-18F9-38B5-9A1A-AEB0D1435814}.Debug|x64.ActiveCfg = Debug|x64
		{866F07C4-18F9-38B5-9A1A-AEB0D1435814}.Debug|x64.Build.0 = Debug|x64
		{866F07C4-18F9-38B5-9A1A-AEB0D1435814}.Release|x64.ActiveCfg = Release|x64
		{866F07C4-18F9-38B5-9A1A-AEB0D1435814}.Release|x64.Build.0 = Release|x64
		{F1A8D125-447D-3495-85EA-0215F5C21153}.Debug|x64.ActiveCfg = Debug|x64
		{F1A8D125-447D-3495-85EA-0215F5C21153}.Debug|x64.Build.0 = Debug|x64
		{F1A8D125-447D-3495-85EA-0215F5C21153}.Release|x64.ActiveCfg = Release|x64
		{F1A8D125-447D-3495-85EA-0215F5C21153}.Release|x64.Build.0 = Release|x64
		{6EB9A6AA-E0A6-3892-85B0-8FC7224A8EC7}.Debug|x64.ActiveCfg = Debug|x64
		{6EB9A6AA-E0A6-3892-85B0-8FC7224A8EC7}.Debug|x64.Build.0 = Debug|x64
		{6EB9A6AA-E0A6-3892-85B0-8FC7224A8EC7}.Release|x64.ActiveCfg = Release|x64
		{6EB9A6AA-E0A6-3892-85B0-8FC7224A8EC7}.Release|x64.Build.0 = Release|x64
		{139F6B5B-D080-373F-B53A-7B8684FB990A}.Debug|x64.ActiveCfg = Debug|x64
		{139F6B5B-D080-373F-B53A-7B8684FB990A}.Debug|x64.Build.0 = Debug|x64
		{139F6B5B-D080-373F-B53A-7B8684FB990A}.Release|x64.ActiveCfg = Release|x64
		{139F6B5B-D080-373F-B53A-7B8684FB990A}.Release|x64.Build.0 = Release|x64
		{EA5BEFB3-E1E6-3DB7-9F70-6E1013A2EDA7}.Debug|x64.ActiveCfg = Debug|x64
		{EA5BEFB3-E1E6-3DB7-9F70-6E1013A2EDA7}.Debug|x64.Build.0 = Debug|x64
		{EA5BEFB3-E1E6-3DB7-9F70-6E1013A2EDA7}.Release|x64.ActiveCfg = Release|x64
		{EA5BEFB3-E1E6-3DB7-9F70-6E1013A2EDA7}.Release|x64.Build.0 = Release|x64
		{F6AEED57-43AE-3ADF-A132-B6F4102B7500}.Debug|x64.ActiveCfg = Debug|x64
		{F6AEED57-43AE-3ADF-A132-B6F4102B7500}.Debug|x64.Build.0 = Debug|x64
		{F6AEED57-43AE-3ADF-A132-B6F4102B7500}.Release|x64.ActiveCfg = Release|x64
		{F6AEED57-43AE-3ADF-A132-B6F4102B7500}.Release|x64.Build.0 = Release|x64
		{F01A7531-6912-3B2A-806F-9FE4A28E32E0}.Debug|x64.ActiveCfg = Debug|x64
		{F01A7531-6912-3B2A-806F-9FE4A28E32E0}.Debug|x64.Build.0 = Debug|x64
		{F01A7531-6912-3B2A-806F-9FE4A28E32E0}.Release|x64.ActiveCfg = Release|x64
		{F01A7531-6912-3B2A-806F-9FE4A28E32E0}.Release|x64.Build.0 = Release|x64
		{A7B7543A-1E77-3D5F-A29D-4C7039DAA278}.Debug|x64.ActiveCfg = Debug|x64
		{A7B7543A-1E77-3D5F-A29D-4C7039DAA278}.Debug|x64.Build.0 = Debug|x64
		{A7B7543A-1E77-3D5F-A29D-4C7039DAA278}.Release|x64.ActiveCfg = Release|x64
		{A7B7543A-1E77-3D5F-A29D-4C7039DAA278}.Release|x64.Build.0 = Release|x64
		{0358740B-CDAC-3BB7-9519-FE02F636ED2E}.Debug|x64.ActiveCfg = Debug|x64
		{0358740B-CDAC-3BB7-9519-FE02F636ED2E}.Debug|x64.Build.0 = Debug|x64
		{0358740B-CDAC-3BB7-9519-FE02F636ED2E}.Release|x64.ActiveCfg = Release|x64
		{0358740B-CDAC-3BB7-9519-FE02F636ED2E}.Release|x64.Build.0 = Release|x64
		{BEBD8FD1-4B45-3102-8FCE-44714F2AE463}.Debug|x64.ActiveCfg = Debug|x64
		{BEBD8FD1-4B45-3102-8FCE-44714F2AE463}.Debug|x64.Build.0 = Debug|x64
		{BEBD8FD1-4B45-3102-8FCE-44714F2AE463}.Release|x64.ActiveCfg = Release|x64
		{BEBD8FD1-4B45-3102-8FCE-44714F2AE463}.Release|x64.Build.0 = Release|x64
		{D044515F-E2D1-3506-896C-70795B3AE4D8}.Debug|x64.ActiveCfg = Debug|x64
		{D044515F-E2D1-3506-896C-70795B3AE4D8}.Debug|x64.Build.0 = Debug|x64
		{D044515F-E2D1-3506-896C-70795B3AE4D8}.Release|x64.ActiveCfg = Release|x64
		{D044515F-E2D1-3506-896C-70795B3AE4D8}.Release|x64.Build.0 = Release|x64
		{EA90761A-0214-380E-A044-98476309FE7E}.Debug|x64.ActiveCfg = Debug|x64
		{EA90761A-0214-380E-A044-98476309FE7E}.Debug|x64.Build.0 = Debug|x64
		{EA90761A-0214-380E-A044-98476309FE7E}.Release|x64.ActiveCfg = Release|x64
		{EA90761A-0214-380E-A044-98476309FE7E}.Release|x64.Build.0 = Release|x64
		{EB012F9D-CE9B-3356-B15C-255E363D4DE6}.Debug|x64.ActiveCfg = Debug|x64
		{EB012F9D-CE9B-3356-B15C-255E363D4DE6}.Debug|x64.Build.0 = Debug|x64
		{EB012F9D-CE9B-3356-B15C-255E363D4DE6}.Release|x64.ActiveCfg = Release|x64
		{EB012F9D-CE9B-3356-B15C-255E363D4DE6}.Release|x64.Build.0 = Release|x64
	EndGlobalSection
	GlobalSection(ExtensibilityGlobals) = postSolution
	EndGlobalSection
	GlobalSection(ExtensibilityAddIns) = postSolution
	EndGlobalSection
EndGlobal